{
  "version": 4,
  "terraform_version": "1.10.2",
  "serial": 208,
  "lineage": "9133de5e-14b3-14f6-75ca-7e65cf715b87",
  "outputs": {
    "state_machine_arn": {
      "value": "arn:aws:states:us-east-1:203918875586:stateMachine:multipagepdfa2i_stepfunction",
      "type": "string"
    }
  },
  "resources": [
    {
      "mode": "data",
      "type": "archive_file",
      "name": "analyzepdf",
      "provider": "provider[\"registry.terraform.io/hashicorp/archive\"]",
      "instances": [
        {
          "schema_version": 0,
          "attributes": {
            "exclude_symlink_directories": null,
            "excludes": null,
            "id": "81b46ec97c15db9d20020c0bec48639d5731a188",
            "output_base64sha256": "g9GMRcBt0eBp1x9r6PDBP3kVMrFiY6v8u/4mY+Reh8Y=",
            "output_base64sha512": "2Id6ByyOmwNqOwYkDC7WkXxcJXglICgVbQ7uPDU4DyFcJB7Pm5V6ieFeb9XVdr7BnfuvvMd9RIjxaqON3G+0BQ==",
            "output_file_mode": null,
            "output_md5": "1ed20ce82bdc2048a70f698f297e8990",
            "output_path": "./files/analyzepdf.zip",
            "output_sha": "81b46ec97c15db9d20020c0bec48639d5731a188",
            "output_sha256": "83d18c45c06dd1e069d71f6be8f0c13f791532b16263abfcbbfe2663e45e87c6",
            "output_sha512": "d8877a072c8e9b036a3b06240c2ed6917c5c2578252028156d0eee3c35380f215c241ecf9b957a89e15e6fd5d576bec19dfbafbcc77d4488f16aa38ddc6fb405",
            "output_size": 3351,
            "source": [],
            "source_content": null,
            "source_content_filename": null,
            "source_dir": "./deploy_code/multipagepdfa2i_analyzepdf",
            "source_file": null,
            "type": "zip"
          },
          "sensitive_attributes": []
        }
      ]
    },
    {
      "mode": "data",
      "type": "archive_file",
      "name": "humancomplete",
      "provider": "provider[\"registry.terraform.io/hashicorp/archive\"]",
      "instances": [
        {
          "schema_version": 0,
          "attributes": {
            "exclude_symlink_directories": null,
            "excludes": null,
            "id": "1f1d4048eaa39b875fa344363f536cfc0e9dc3a9",
            "output_base64sha256": "Fp+/rYfktkNB7xdiZJYGsTk2ujjvXRc/DEwgDM12Trg=",
            "output_base64sha512": "8c5KJIxbtAph7KP6WFneBCQQesuzM3J7rMuuVgQNJ5SaaFncomQ4IzPBVtuf5GUxH+ZaPIij8KhMxhcceXUDVA==",
            "output_file_mode": null,
            "output_md5": "70261e3b18d42e288ee38a0a2c8c43d7",
            "output_path": "./files/humancomplete.zip",
            "output_sha": "1f1d4048eaa39b875fa344363f536cfc0e9dc3a9",
            "output_sha256": "169fbfad87e4b64341ef1762649606b13936ba38ef5d173f0c4c200ccd764eb8",
            "output_sha512": "f1ce4a248c5bb40a61eca3fa5859de0424107acbb333727baccbae56040d27949a6859dca264382333c156db9fe465311fe65a3c88a3f0a84cc6171c79750354",
            "output_size": 1721,
            "source": [],
            "source_content": null,
            "source_content_filename": null,
            "source_dir": "./deploy_code/multipagepdfa2i_humancomplete",
            "source_file": null,
            "type": "zip"
          },
          "sensitive_attributes": []
        }
      ]
    },
    {
      "mode": "data",
      "type": "archive_file",
      "name": "imageresize",
      "provider": "provider[\"registry.terraform.io/hashicorp/archive\"]",
      "instances": [
        {
          "schema_version": 0,
          "attributes": {
            "exclude_symlink_directories": null,
            "excludes": null,
            "id": "0b5455375bab83bb8652bd72027d94b3d328c1ed",
            "output_base64sha256": "g6WxBdg3Y9MyZ68vOvTM5/LVOC2Ra1su+ZoMYN3x/SE=",
            "output_base64sha512": "Xdi8lTaJW+O1CWk12uBMjqD9x0AhnIxXR05s7lP0rniFv1Y8RKg5YmfzvzSt+Lh0Fs3pSlMZvYCAsj6w2qOYXQ==",
            "output_file_mode": null,
            "output_md5": "20629a46df93899b9b7c87c8cf3fb51c",
            "output_path": "./files/imageresize.zip",
            "output_sha": "0b5455375bab83bb8652bd72027d94b3d328c1ed",
            "output_sha256": "83a5b105d83763d33267af2f3af4cce7f2d5382d916b5b2ef99a0c60ddf1fd21",
            "output_sha512": "5dd8bc9536895be3b5096935dae04c8ea0fdc740219c8c57474e6cee53f4ae7885bf563c44a8396267f3bf34adf8b87416cde94a5319bd8080b23eb0daa3985d",
            "output_size": 1206,
            "source": [],
            "source_content": null,
            "source_content_filename": null,
            "source_dir": "./deploy_code/multipagepdfa2i_imageresize/",
            "source_file": null,
            "type": "zip"
          },
          "sensitive_attributes": []
        }
      ]
    },
    {
      "mode": "data",
      "type": "archive_file",
      "name": "inserttodynamodb",
      "provider": "provider[\"registry.terraform.io/hashicorp/archive\"]",
      "instances": [
        {
          "schema_version": 0,
          "attributes": {
            "exclude_symlink_directories": null,
            "excludes": null,
            "id": "9ac3750f3f092fc32e6958090d6c8e6ed8c8ac57",
            "output_base64sha256": "ERm/mc+WEjjqAWuNTX18ZAEYGo2dvdnr6AcNKThUiO0=",
            "output_base64sha512": "m0TMQUIITy//VWJYCH2oqkdBHbMGu/zk8S9GuassS/g9YyBoVk3TATGNR4zfpaujLoRwYT63DSaNqnMFo/T6YA==",
            "output_file_mode": null,
            "output_md5": "9b2b81b761a237b29f18859edfe8506a",
            "output_path": "./files/inserttodynamodb.zip",
            "output_sha": "9ac3750f3f092fc32e6958090d6c8e6ed8c8ac57",
            "output_sha256": "1119bf99cf961238ea016b8d4d7d7c6401181a8d9dbdd9ebe8070d29385488ed",
            "output_sha512": "9b44cc4142084f2fff556258087da8aa47411db306bbfce4f12f46b9ab2c4bf83d632068564dd301318d478cdfa5aba32e8470613eb70d268daa7305a3f4fa60",
            "output_size": 1352,
            "source": [],
            "source_content": null,
            "source_content_filename": null,
            "source_dir": "./deploy_code/multipagepdfa2i_inserttodynamodb",
            "source_file": null,
            "type": "zip"
          },
          "sensitive_attributes": []
        }
      ]
    },
    {
      "mode": "data",
      "type": "archive_file",
      "name": "kickoff",
      "provider": "provider[\"registry.terraform.io/hashicorp/archive\"]",
      "instances": [
        {
          "schema_version": 0,
          "attributes": {
            "exclude_symlink_directories": null,
            "excludes": null,
            "id": "136687fddd046f42634d283c02d33c50a8820033",
            "output_base64sha256": "X3CFMjvWBOuMulC2rA754jDfGBpOCk1aVM9YO7yrWzI=",
            "output_base64sha512": "SJMDekfOVkGoCyhDjg1tDgexeXXlDPWAjPu26UVEnOfCPG/ZAzPdsZRAS+WudS0QxrbQRL//CVyX3pzD3fH1lw==",
            "output_file_mode": null,
            "output_md5": "9bb73aabfb01e0358c4b27fef5923d7d",
            "output_path": "./files/kickoff.zip",
            "output_sha": "136687fddd046f42634d283c02d33c50a8820033",
            "output_sha256": "5f7085323bd604eb8cba50b6ac0ef9e230df181a4e0a4d5a54cf583bbcab5b32",
            "output_sha512": "4893037a47ce5641a80b28438e0d6d0e07b17975e50cf5808cfbb6e945449ce7c23c6fd90333ddb194404be5ae752d10c6b6d044bfff095c97de9cc3ddf1f597",
            "output_size": 1164,
            "source": [],
            "source_content": null,
            "source_content_filename": null,
            "source_dir": "./deploy_code/multipagepdfa2i_kickoff",
            "source_file": null,
            "type": "zip"
          },
          "sensitive_attributes": []
        }
      ]
    },
    {
      "mode": "data",
      "type": "archive_file",
      "name": "pngextract",
      "provider": "provider[\"registry.terraform.io/hashicorp/archive\"]",
      "instances": [
        {
          "schema_version": 0,
          "attributes": {
            "exclude_symlink_directories": null,
            "excludes": null,
            "id": "06efe10147df16a70efae214add6a33863e06e45",
            "output_base64sha256": "eKRljU7l9FTwQ9mWh3G1qWxPv/r+jKAuMNBOD+WUjME=",
            "output_base64sha512": "uYcs0aowz1YI3MVlBDZRY2gQyHILT59z45mSE272991AXMfAWwyuB5LmFtFFDJYLDiu0pP4i3tL6yHp+dsc1SQ==",
            "output_file_mode": null,
            "output_md5": "1ca4f5452395e4d434c041f3942270cd",
            "output_path": "./deploy_code/multipagepdfa2i_pngextract.zip",
            "output_sha": "06efe10147df16a70efae214add6a33863e06e45",
            "output_sha256": "78a4658d4ee5f454f043d9968771b5a96c4fbffafe8ca02e30d04e0fe5948cc1",
            "output_sha512": "b9872cd1aa30cf5608dcc565043651636810c8720b4f9f73e39992136ef6f7dd405cc7c05b0cae0792e616d1450c960b0e2bb4a4fe22ded2fac87a7e76c73549",
            "output_size": 8646,
            "source": [],
            "source_content": null,
            "source_content_filename": null,
            "source_dir": "./deploy_code/multipagepdfa2i_pngextract/target",
            "source_file": null,
            "type": "zip"
          },
          "sensitive_attributes": []
        }
      ]
    },
    {
      "mode": "data",
      "type": "archive_file",
      "name": "wrapup",
      "provider": "provider[\"registry.terraform.io/hashicorp/archive\"]",
      "instances": [
        {
          "schema_version": 0,
          "attributes": {
            "exclude_symlink_directories": null,
            "excludes": null,
            "id": "d1e2b385a59c3a3da0d3268521da9a758149b7b9",
            "output_base64sha256": "xIkydDl+fj6ylRgZqKBlvW/jTQJbZ6puL/OwbZ7XJ24=",
            "output_base64sha512": "3o90p5ham3DMY8fWcKmtKSyvgCHTlvif5LsAePHzplp/RDVZQEkFENs/+Lx9byujJn8wdqYY2Juvk1vjIRDSiw==",
            "output_file_mode": null,
            "output_md5": "46037f9fc84d2e49273513d6e78000e8",
            "output_path": "./files/wrapup.zip",
            "output_sha": "d1e2b385a59c3a3da0d3268521da9a758149b7b9",
            "output_sha256": "c4893274397e7e3eb2951819a8a065bd6fe34d025b67aa6e2ff3b06d9ed7276e",
            "output_sha512": "de8f74a7985a9b70cc63c7d670a9ad292caf8021d396f89fe4bb0078f1f3a65a7f44355940490510db3ff8bc7d6f2ba3267f3076a618d89baf935be32110d28b",
            "output_size": 3303,
            "source": [],
            "source_content": null,
            "source_content_filename": null,
            "source_dir": "./deploy_code/multipagepdfa2i_wrapup",
            "source_file": null,
            "type": "zip"
          },
          "sensitive_attributes": []
        }
      ]
    },
    {
      "mode": "data",
      "type": "aws_caller_identity",
      "name": "current",
      "provider": "provider[\"registry.terraform.io/hashicorp/aws\"]",
      "instances": [
        {
          "schema_version": 0,
          "attributes": {
            "account_id": "203918875586",
            "arn": "arn:aws:iam::203918875586:user/HimanshuOnCloud-Admin",
            "id": "203918875586",
            "user_id": "AIDAS66UDDPBMB56BFZQB"
          },
          "sensitive_attributes": []
        }
      ]
    },
    {
      "mode": "data",
      "type": "aws_lambda_function",
      "name": "functions",
      "provider": "provider[\"registry.terraform.io/hashicorp/aws\"]",
      "instances": [
        {
          "index_key": "multipagepdfa2i_analyzepdf",
          "schema_version": 0,
          "attributes": {
            "architectures": [
              "x86_64"
            ],
            "arn": "arn:aws:lambda:us-east-1:203918875586:function:multipagepdfa2i_analyzepdf",
            "code_sha256": "g9GMRcBt0eBp1x9r6PDBP3kVMrFiY6v8u/4mY+Reh8Y=",
            "code_signing_config_arn": "",
            "dead_letter_config": [],
            "description": "",
            "environment": [
              {
                "variables": {
                  "ddb_tablename": "multia2ipdf_callback",
                  "human_workflow_arn": "arn:aws:sagemaker:us-east-1:203918875586:flow-definition/doc-to-db",
                  "sqs_url": "https://sqs.us-east-1.amazonaws.com/203918875586/multipagepdfa2i_bedrock_sqs"
                }
              }
            ],
            "ephemeral_storage": [
              {
                "size": 512
              }
            ],
            "file_system_config": [],
            "function_name": "multipagepdfa2i_analyzepdf",
            "handler": "lambda_function.lambda_handler",
            "id": "multipagepdfa2i_analyzepdf",
            "image_uri": "",
            "invoke_arn": "arn:aws:apigateway:us-east-1:lambda:path/2015-03-31/functions/arn:aws:lambda:us-east-1:203918875586:function:multipagepdfa2i_analyzepdf/invocations",
            "kms_key_arn": "",
            "last_modified": "2025-02-11T03:08:58.951+0000",
            "layers": [],
            "logging_config": [
              {
                "application_log_level": "",
                "log_format": "Text",
                "log_group": "/aws/lambda/multipagepdfa2i_analyzepdf",
                "system_log_level": ""
              }
            ],
            "memory_size": 3000,
            "qualified_arn": "arn:aws:lambda:us-east-1:203918875586:function:multipagepdfa2i_analyzepdf:$LATEST",
            "qualified_invoke_arn": "arn:aws:apigateway:us-east-1:lambda:path/2015-03-31/functions/arn:aws:lambda:us-east-1:203918875586:function:multipagepdfa2i_analyzepdf:$LATEST/invocations",
            "qualifier": null,
            "reserved_concurrent_executions": -1,
            "role": "arn:aws:iam::203918875586:role/multipagepdfa2i_lam_role_analyzepdf",
            "runtime": "python3.12",
            "signing_job_arn": "",
            "signing_profile_version_arn": "",
            "source_code_hash": "g9GMRcBt0eBp1x9r6PDBP3kVMrFiY6v8u/4mY+Reh8Y=",
            "source_code_size": 3351,
            "tags": {},
            "timeout": 180,
            "tracing_config": [
              {
                "mode": "PassThrough"
              }
            ],
            "version": "$LATEST",
            "vpc_config": []
          },
          "sensitive_attributes": []
        },
        {
          "index_key": "multipagepdfa2i_humancomplete",
          "schema_version": 0,
          "attributes": {
            "architectures": [
              "x86_64"
            ],
            "arn": "arn:aws:lambda:us-east-1:203918875586:function:multipagepdfa2i_humancomplete",
            "code_sha256": "Fp+/rYfktkNB7xdiZJYGsTk2ujjvXRc/DEwgDM12Trg=",
            "code_signing_config_arn": "",
            "dead_letter_config": [],
            "description": "",
            "environment": [
              {
                "variables": {
                  "ddb_tablename": "multia2ipdf_callback"
                }
              }
            ],
            "ephemeral_storage": [
              {
                "size": 512
              }
            ],
            "file_system_config": [],
            "function_name": "multipagepdfa2i_humancomplete",
            "handler": "lambda_function.lambda_handler",
            "id": "multipagepdfa2i_humancomplete",
            "image_uri": "",
            "invoke_arn": "arn:aws:apigateway:us-east-1:lambda:path/2015-03-31/functions/arn:aws:lambda:us-east-1:203918875586:function:multipagepdfa2i_humancomplete/invocations",
            "kms_key_arn": "",
            "last_modified": "2025-02-11T03:08:45.093+0000",
            "layers": [],
            "logging_config": [
              {
                "application_log_level": "",
                "log_format": "Text",
                "log_group": "/aws/lambda/multipagepdfa2i_humancomplete",
                "system_log_level": ""
              }
            ],
            "memory_size": 3000,
            "qualified_arn": "arn:aws:lambda:us-east-1:203918875586:function:multipagepdfa2i_humancomplete:$LATEST",
            "qualified_invoke_arn": "arn:aws:apigateway:us-east-1:lambda:path/2015-03-31/functions/arn:aws:lambda:us-east-1:203918875586:function:multipagepdfa2i_humancomplete:$LATEST/invocations",
            "qualifier": null,
            "reserved_concurrent_executions": -1,
            "role": "arn:aws:iam::203918875586:role/multipagepdfa2i_lam_role_humancomplete",
            "runtime": "python3.12",
            "signing_job_arn": "",
            "signing_profile_version_arn": "",
            "source_code_hash": "Fp+/rYfktkNB7xdiZJYGsTk2ujjvXRc/DEwgDM12Trg=",
            "source_code_size": 1721,
            "tags": {},
            "timeout": 900,
            "tracing_config": [
              {
                "mode": "PassThrough"
              }
            ],
            "version": "$LATEST",
            "vpc_config": []
          },
          "sensitive_attributes": []
        },
        {
          "index_key": "multipagepdfa2i_imageresize",
          "schema_version": 0,
          "attributes": {
            "architectures": [
              "x86_64"
            ],
            "arn": "arn:aws:lambda:us-east-1:203918875586:function:multipagepdfa2i_imageresize",
            "code_sha256": "g6WxBdg3Y9MyZ68vOvTM5/LVOC2Ra1su+ZoMYN3x/SE=",
            "code_signing_config_arn": "",
            "dead_letter_config": [],
            "description": "",
            "environment": [],
            "ephemeral_storage": [
              {
                "size": 512
              }
            ],
            "file_system_config": [],
            "function_name": "multipagepdfa2i_imageresize",
            "handler": "index.handler",
            "id": "multipagepdfa2i_imageresize",
            "image_uri": "",
            "invoke_arn": "arn:aws:apigateway:us-east-1:lambda:path/2015-03-31/functions/arn:aws:lambda:us-east-1:203918875586:function:multipagepdfa2i_imageresize/invocations",
            "kms_key_arn": "",
            "last_modified": "2025-02-11T06:21:28.000+0000",
            "layers": [
              "arn:aws:lambda:us-east-1:203918875586:layer:sharplayer:6"
            ],
            "logging_config": [
              {
                "application_log_level": "",
                "log_format": "Text",
                "log_group": "/aws/lambda/multipagepdfa2i_imageresize",
                "system_log_level": ""
              }
            ],
            "memory_size": 3000,
            "qualified_arn": "arn:aws:lambda:us-east-1:203918875586:function:multipagepdfa2i_imageresize:$LATEST",
            "qualified_invoke_arn": "arn:aws:apigateway:us-east-1:lambda:path/2015-03-31/functions/arn:aws:lambda:us-east-1:203918875586:function:multipagepdfa2i_imageresize:$LATEST/invocations",
            "qualifier": null,
            "reserved_concurrent_executions": -1,
            "role": "arn:aws:iam::203918875586:role/multipagepdfa2i_imageresize_role",
            "runtime": "nodejs20.x",
            "signing_job_arn": "",
            "signing_profile_version_arn": "",
            "source_code_hash": "g6WxBdg3Y9MyZ68vOvTM5/LVOC2Ra1su+ZoMYN3x/SE=",
            "source_code_size": 1206,
            "tags": {},
            "timeout": 900,
            "tracing_config": [
              {
                "mode": "PassThrough"
              }
            ],
            "version": "$LATEST",
            "vpc_config": []
          },
          "sensitive_attributes": []
        },
        {
          "index_key": "multipagepdfa2i_inserttodynamodb",
          "schema_version": 0,
          "attributes": {
            "architectures": [
              "x86_64"
            ],
            "arn": "arn:aws:lambda:us-east-1:203918875586:function:multipagepdfa2i_inserttodynamodb",
            "code_sha256": "ERm/mc+WEjjqAWuNTX18ZAEYGo2dvdnr6AcNKThUiO0=",
            "code_signing_config_arn": "",
            "dead_letter_config": [],
            "description": "",
            "environment": [
              {
                "variables": {
                  "ddb_tablename": "Vital_Birth_Data"
                }
              }
            ],
            "ephemeral_storage": [
              {
                "size": 512
              }
            ],
            "file_system_config": [],
            "function_name": "multipagepdfa2i_inserttodynamodb",
            "handler": "lambda_function.lambda_handler",
            "id": "multipagepdfa2i_inserttodynamodb",
            "image_uri": "",
            "invoke_arn": "arn:aws:apigateway:us-east-1:lambda:path/2015-03-31/functions/arn:aws:lambda:us-east-1:203918875586:function:multipagepdfa2i_inserttodynamodb/invocations",
            "kms_key_arn": "",
            "last_modified": "2025-02-11T03:08:52.062+0000",
            "layers": [],
            "logging_config": [
              {
                "application_log_level": "",
                "log_format": "Text",
                "log_group": "/aws/lambda/multipagepdfa2i_inserttodynamodb",
                "system_log_level": ""
              }
            ],
            "memory_size": 3000,
            "qualified_arn": "arn:aws:lambda:us-east-1:203918875586:function:multipagepdfa2i_inserttodynamodb:$LATEST",
            "qualified_invoke_arn": "arn:aws:apigateway:us-east-1:lambda:path/2015-03-31/functions/arn:aws:lambda:us-east-1:203918875586:function:multipagepdfa2i_inserttodynamodb:$LATEST/invocations",
            "qualifier": null,
            "reserved_concurrent_executions": -1,
            "role": "arn:aws:iam::203918875586:role/multipagepdfa2i_lam_role_inserttodynamodb",
            "runtime": "python3.12",
            "signing_job_arn": "",
            "signing_profile_version_arn": "",
            "source_code_hash": "ERm/mc+WEjjqAWuNTX18ZAEYGo2dvdnr6AcNKThUiO0=",
            "source_code_size": 1352,
            "tags": {},
            "timeout": 900,
            "tracing_config": [
              {
                "mode": "PassThrough"
              }
            ],
            "version": "$LATEST",
            "vpc_config": []
          },
          "sensitive_attributes": []
        },
        {
          "index_key": "multipagepdfa2i_kickoff",
          "schema_version": 0,
          "attributes": {
            "architectures": [
              "x86_64"
            ],
            "arn": "arn:aws:lambda:us-east-1:203918875586:function:multipagepdfa2i_kickoff",
            "code_sha256": "X3CFMjvWBOuMulC2rA754jDfGBpOCk1aVM9YO7yrWzI=",
            "code_signing_config_arn": "",
            "dead_letter_config": [],
            "description": "",
            "environment": [
              {
                "variables": {
                  "sqs_url": "https://sqs.us-east-1.amazonaws.com/203918875586/multipagepdfa2i_sf_sqs",
                  "state_machine_arn": "arn:aws:states:us-east-1:203918875586:stateMachine:multipagepdfa2i_stepfunction"
                }
              }
            ],
            "ephemeral_storage": [
              {
                "size": 512
              }
            ],
            "file_system_config": [],
            "function_name": "multipagepdfa2i_kickoff",
            "handler": "lambda_function.lambda_handler",
            "id": "multipagepdfa2i_kickoff",
            "image_uri": "",
            "invoke_arn": "arn:aws:apigateway:us-east-1:lambda:path/2015-03-31/functions/arn:aws:lambda:us-east-1:203918875586:function:multipagepdfa2i_kickoff/invocations",
            "kms_key_arn": "",
            "last_modified": "2025-02-11T03:38:12.000+0000",
            "layers": [],
            "logging_config": [
              {
                "application_log_level": "",
                "log_format": "Text",
                "log_group": "/aws/lambda/multipagepdfa2i_kickoff",
                "system_log_level": ""
              }
            ],
            "memory_size": 3000,
            "qualified_arn": "arn:aws:lambda:us-east-1:203918875586:function:multipagepdfa2i_kickoff:$LATEST",
            "qualified_invoke_arn": "arn:aws:apigateway:us-east-1:lambda:path/2015-03-31/functions/arn:aws:lambda:us-east-1:203918875586:function:multipagepdfa2i_kickoff:$LATEST/invocations",
            "qualifier": null,
            "reserved_concurrent_executions": -1,
            "role": "arn:aws:iam::203918875586:role/multipagepdfa2i_lam_role_kickoff",
            "runtime": "python3.12",
            "signing_job_arn": "",
            "signing_profile_version_arn": "",
            "source_code_hash": "X3CFMjvWBOuMulC2rA754jDfGBpOCk1aVM9YO7yrWzI=",
            "source_code_size": 1164,
            "tags": {},
            "timeout": 300,
            "tracing_config": [
              {
                "mode": "PassThrough"
              }
            ],
            "version": "$LATEST",
            "vpc_config": []
          },
          "sensitive_attributes": []
        },
        {
          "index_key": "multipagepdfa2i_pngextract",
          "schema_version": 0,
          "attributes": {
            "architectures": [
              "x86_64"
            ],
            "arn": "arn:aws:lambda:us-east-1:203918875586:function:multipagepdfa2i_pngextract",
            "code_sha256": "qht20hRrrCBzzVrsmjzUP4hHfnBwZ1WUQL3wpdTX+1Y=",
            "code_signing_config_arn": "",
            "dead_letter_config": [],
            "description": "",
            "environment": [],
            "ephemeral_storage": [
              {
                "size": 512
              }
            ],
            "file_system_config": [],
            "function_name": "multipagepdfa2i_pngextract",
            "handler": "Lambda::handleRequest",
            "id": "multipagepdfa2i_pngextract",
            "image_uri": "",
            "invoke_arn": "arn:aws:apigateway:us-east-1:lambda:path/2015-03-31/functions/arn:aws:lambda:us-east-1:203918875586:function:multipagepdfa2i_pngextract/invocations",
            "kms_key_arn": "",
            "last_modified": "2025-02-11T03:08:30.037+0000",
            "layers": [],
            "logging_config": [
              {
                "application_log_level": "",
                "log_format": "Text",
                "log_group": "/aws/lambda/multipagepdfa2i_pngextract",
                "system_log_level": ""
              }
            ],
            "memory_size": 3000,
            "qualified_arn": "arn:aws:lambda:us-east-1:203918875586:function:multipagepdfa2i_pngextract:$LATEST",
            "qualified_invoke_arn": "arn:aws:apigateway:us-east-1:lambda:path/2015-03-31/functions/arn:aws:lambda:us-east-1:203918875586:function:multipagepdfa2i_pngextract:$LATEST/invocations",
            "qualifier": null,
            "reserved_concurrent_executions": -1,
            "role": "arn:aws:iam::203918875586:role/multipagepdfa2i_lam_role_pngextract",
            "runtime": "java21",
            "signing_job_arn": "",
            "signing_profile_version_arn": "",
            "source_code_hash": "qht20hRrrCBzzVrsmjzUP4hHfnBwZ1WUQL3wpdTX+1Y=",
            "source_code_size": 13139889,
            "tags": {},
            "timeout": 900,
            "tracing_config": [
              {
                "mode": "PassThrough"
              }
            ],
            "version": "$LATEST",
            "vpc_config": []
          },
          "sensitive_attributes": []
        },
        {
          "index_key": "multipagepdfa2i_wrapup",
          "schema_version": 0,
          "attributes": {
            "architectures": [
              "x86_64"
            ],
            "arn": "arn:aws:lambda:us-east-1:203918875586:function:multipagepdfa2i_wrapup",
            "code_sha256": "xIkydDl+fj6ylRgZqKBlvW/jTQJbZ6puL/OwbZ7XJ24=",
            "code_signing_config_arn": "",
            "dead_letter_config": [],
            "description": "",
            "environment": [],
            "ephemeral_storage": [
              {
                "size": 512
              }
            ],
            "file_system_config": [],
            "function_name": "multipagepdfa2i_wrapup",
            "handler": "lambda_function.lambda_handler",
            "id": "multipagepdfa2i_wrapup",
            "image_uri": "",
            "invoke_arn": "arn:aws:apigateway:us-east-1:lambda:path/2015-03-31/functions/arn:aws:lambda:us-east-1:203918875586:function:multipagepdfa2i_wrapup/invocations",
            "kms_key_arn": "",
            "last_modified": "2025-02-11T03:08:19.918+0000",
            "layers": [],
            "logging_config": [
              {
                "application_log_level": "",
                "log_format": "Text",
                "log_group": "/aws/lambda/multipagepdfa2i_wrapup",
                "system_log_level": ""
              }
            ],
            "memory_size": 3000,
            "qualified_arn": "arn:aws:lambda:us-east-1:203918875586:function:multipagepdfa2i_wrapup:$LATEST",
            "qualified_invoke_arn": "arn:aws:apigateway:us-east-1:lambda:path/2015-03-31/functions/arn:aws:lambda:us-east-1:203918875586:function:multipagepdfa2i_wrapup:$LATEST/invocations",
            "qualifier": null,
            "reserved_concurrent_executions": -1,
            "role": "arn:aws:iam::203918875586:role/multipagepdfa2i_lam_role_wrapup",
            "runtime": "python3.12",
            "signing_job_arn": "",
            "signing_profile_version_arn": "",
            "source_code_hash": "xIkydDl+fj6ylRgZqKBlvW/jTQJbZ6puL/OwbZ7XJ24=",
            "source_code_size": 3303,
            "tags": {},
            "timeout": 900,
            "tracing_config": [
              {
                "mode": "PassThrough"
              }
            ],
            "version": "$LATEST",
            "vpc_config": []
          },
          "sensitive_attributes": []
        }
      ]
    },
    {
      "mode": "data",
      "type": "aws_region",
      "name": "current",
      "provider": "provider[\"registry.terraform.io/hashicorp/aws\"]",
      "instances": [
        {
          "schema_version": 0,
          "attributes": {
            "description": "US East (N. Virginia)",
            "endpoint": "ec2.us-east-1.amazonaws.com",
            "id": "us-east-1",
            "name": "us-east-1"
          },
          "sensitive_attributes": []
        }
      ]
    },
    {
      "mode": "managed",
      "type": "aws_cloudwatch_log_group",
      "name": "lambda_logs",
      "provider": "provider[\"registry.terraform.io/hashicorp/aws\"]",
      "instances": [
        {
          "index_key": "analyzepdf",
          "schema_version": 0,
          "attributes": {
            "arn": "arn:aws:logs:us-east-1:203918875586:log-group:/aws/lambda/multipagepdfa2i_analyzepdf",
            "id": "/aws/lambda/multipagepdfa2i_analyzepdf",
            "kms_key_id": "",
            "log_group_class": "STANDARD",
            "name": "/aws/lambda/multipagepdfa2i_analyzepdf",
            "name_prefix": "",
            "retention_in_days": 7,
            "skip_destroy": false,
            "tags": {},
            "tags_all": {}
          },
          "sensitive_attributes": [],
          "private": "bnVsbA=="
        },
        {
          "index_key": "humancomplete",
          "schema_version": 0,
          "attributes": {
            "arn": "arn:aws:logs:us-east-1:203918875586:log-group:/aws/lambda/multipagepdfa2i_humancomplete",
            "id": "/aws/lambda/multipagepdfa2i_humancomplete",
            "kms_key_id": "",
            "log_group_class": "STANDARD",
            "name": "/aws/lambda/multipagepdfa2i_humancomplete",
            "name_prefix": "",
            "retention_in_days": 7,
            "skip_destroy": false,
            "tags": {},
            "tags_all": {}
          },
          "sensitive_attributes": [],
          "private": "bnVsbA=="
        },
        {
          "index_key": "imageresize",
          "schema_version": 0,
          "attributes": {
            "arn": "arn:aws:logs:us-east-1:203918875586:log-group:/aws/lambda/multipagepdfa2i_imageresize",
            "id": "/aws/lambda/multipagepdfa2i_imageresize",
            "kms_key_id": "",
            "log_group_class": "STANDARD",
            "name": "/aws/lambda/multipagepdfa2i_imageresize",
            "name_prefix": "",
            "retention_in_days": 7,
            "skip_destroy": false,
            "tags": {},
            "tags_all": {}
          },
          "sensitive_attributes": [],
          "private": "bnVsbA=="
        },
        {
          "index_key": "inserttodynamodb",
          "schema_version": 0,
          "attributes": {
            "arn": "arn:aws:logs:us-east-1:203918875586:log-group:/aws/lambda/multipagepdfa2i_inserttodynamodb",
            "id": "/aws/lambda/multipagepdfa2i_inserttodynamodb",
            "kms_key_id": "",
            "log_group_class": "STANDARD",
            "name": "/aws/lambda/multipagepdfa2i_inserttodynamodb",
            "name_prefix": "",
            "retention_in_days": 7,
            "skip_destroy": false,
            "tags": {},
            "tags_all": {}
          },
          "sensitive_attributes": [],
          "private": "bnVsbA=="
        },
        {
          "index_key": "kickoff",
          "schema_version": 0,
          "attributes": {
            "arn": "arn:aws:logs:us-east-1:203918875586:log-group:/aws/lambda/multipagepdfa2i_kickoff",
            "id": "/aws/lambda/multipagepdfa2i_kickoff",
            "kms_key_id": "",
            "log_group_class": "STANDARD",
            "name": "/aws/lambda/multipagepdfa2i_kickoff",
            "name_prefix": "",
            "retention_in_days": 7,
            "skip_destroy": false,
            "tags": {},
            "tags_all": {}
          },
          "sensitive_attributes": [],
          "private": "bnVsbA=="
        },
        {
          "index_key": "pngextract",
          "schema_version": 0,
          "attributes": {
            "arn": "arn:aws:logs:us-east-1:203918875586:log-group:/aws/lambda/multipagepdfa2i_pngextract",
            "id": "/aws/lambda/multipagepdfa2i_pngextract",
            "kms_key_id": "",
            "log_group_class": "STANDARD",
            "name": "/aws/lambda/multipagepdfa2i_pngextract",
            "name_prefix": "",
            "retention_in_days": 7,
            "skip_destroy": false,
            "tags": {},
            "tags_all": {}
          },
          "sensitive_attributes": [],
          "private": "bnVsbA=="
        },
        {
          "index_key": "wrapup",
          "schema_version": 0,
          "attributes": {
            "arn": "arn:aws:logs:us-east-1:203918875586:log-group:/aws/lambda/multipagepdfa2i_wrapup",
            "id": "/aws/lambda/multipagepdfa2i_wrapup",
            "kms_key_id": "",
            "log_group_class": "STANDARD",
            "name": "/aws/lambda/multipagepdfa2i_wrapup",
            "name_prefix": "",
            "retention_in_days": 7,
            "skip_destroy": false,
            "tags": {},
            "tags_all": {}
          },
          "sensitive_attributes": [],
          "private": "bnVsbA=="
        }
      ]
    },
    {
      "mode": "managed",
      "type": "aws_cloudwatch_log_group",
      "name": "stepfunctions",
      "provider": "provider[\"registry.terraform.io/hashicorp/aws\"]",
      "instances": [
        {
          "schema_version": 0,
          "attributes": {
            "arn": "arn:aws:logs:us-east-1:203918875586:log-group:/aws/stepfunctions/multipagepdfa2i_stepfunction_logs",
            "id": "/aws/stepfunctions/multipagepdfa2i_stepfunction_logs",
            "kms_key_id": "",
            "log_group_class": "STANDARD",
            "name": "/aws/stepfunctions/multipagepdfa2i_stepfunction_logs",
            "name_prefix": "",
            "retention_in_days": 7,
            "skip_destroy": false,
            "tags": {},
            "tags_all": {}
          },
          "sensitive_attributes": [],
          "private": "bnVsbA=="
        }
      ]
    },
    {
      "mode": "managed",
      "type": "aws_dynamodb_table",
      "name": "callback",
      "provider": "provider[\"registry.terraform.io/hashicorp/aws\"]",
      "instances": [
        {
          "schema_version": 1,
          "attributes": {
            "arn": "arn:aws:dynamodb:us-east-1:203918875586:table/multia2ipdf_callback",
            "attribute": [
              {
                "name": "callback_token",
                "type": "S"
              },
              {
                "name": "jobid",
                "type": "S"
              }
            ],
            "billing_mode": "PAY_PER_REQUEST",
            "deletion_protection_enabled": false,
            "global_secondary_index": [],
            "hash_key": "jobid",
            "id": "multia2ipdf_callback",
            "import_table": [],
            "local_secondary_index": [],
            "name": "multia2ipdf_callback",
            "on_demand_throughput": [],
            "point_in_time_recovery": [
              {
                "enabled": true
              }
            ],
            "range_key": "callback_token",
            "read_capacity": 0,
            "replica": [],
            "restore_date_time": null,
            "restore_source_name": null,
            "restore_source_table_arn": null,
            "restore_to_latest_time": null,
            "server_side_encryption": [],
            "stream_arn": "",
            "stream_enabled": false,
            "stream_label": "",
            "stream_view_type": "",
            "table_class": "STANDARD",
            "tags": {},
            "tags_all": {},
            "timeouts": null,
            "ttl": [
              {
                "attribute_name": "",
                "enabled": false
              }
            ],
            "write_capacity": 0
          },
          "sensitive_attributes": [],
          "private": "eyJlMmJmYjczMC1lY2FhLTExZTYtOGY4OC0zNDM2M2JjN2M0YzAiOnsiY3JlYXRlIjoxODAwMDAwMDAwMDAwLCJkZWxldGUiOjYwMDAwMDAwMDAwMCwidXBkYXRlIjozNjAwMDAwMDAwMDAwfSwic2NoZW1hX3ZlcnNpb24iOiIxIn0="
        }
      ]
    },
    {
      "mode": "managed",
      "type": "aws_dynamodb_table",
      "name": "vital_birth_data",
      "provider": "provider[\"registry.terraform.io/hashicorp/aws\"]",
      "instances": [
        {
          "schema_version": 1,
          "attributes": {
            "arn": "arn:aws:dynamodb:us-east-1:203918875586:table/Vital_Birth_Data",
            "attribute": [
              {
                "name": "Name_of_applicant",
                "type": "S"
              },
              {
                "name": "Zip_code",
                "type": "S"
              }
            ],
            "billing_mode": "PAY_PER_REQUEST",
            "deletion_protection_enabled": false,
            "global_secondary_index": [],
            "hash_key": "Name_of_applicant",
            "id": "Vital_Birth_Data",
            "import_table": [],
            "local_secondary_index": [],
            "name": "Vital_Birth_Data",
            "on_demand_throughput": [],
            "point_in_time_recovery": [
              {
                "enabled": true
              }
            ],
            "range_key": "Zip_code",
            "read_capacity": 0,
            "replica": [],
            "restore_date_time": null,
            "restore_source_name": null,
            "restore_source_table_arn": null,
            "restore_to_latest_time": null,
            "server_side_encryption": [],
            "stream_arn": "",
            "stream_enabled": false,
            "stream_label": "",
            "stream_view_type": "",
            "table_class": "STANDARD",
            "tags": {},
            "tags_all": {},
            "timeouts": null,
            "ttl": [
              {
                "attribute_name": "",
                "enabled": false
              }
            ],
            "write_capacity": 0
          },
          "sensitive_attributes": [],
          "private": "eyJlMmJmYjczMC1lY2FhLTExZTYtOGY4OC0zNDM2M2JjN2M0YzAiOnsiY3JlYXRlIjoxODAwMDAwMDAwMDAwLCJkZWxldGUiOjYwMDAwMDAwMDAwMCwidXBkYXRlIjozNjAwMDAwMDAwMDAwfSwic2NoZW1hX3ZlcnNpb24iOiIxIn0="
        }
      ]
    },
    {
      "mode": "managed",
      "type": "aws_iam_role",
      "name": "lambda_analyzepdf",
      "provider": "provider[\"registry.terraform.io/hashicorp/aws\"]",
      "instances": [
        {
          "schema_version": 0,
          "attributes": {
            "arn": "arn:aws:iam::203918875586:role/multipagepdfa2i_lam_role_analyzepdf",
            "assume_role_policy": "{\"Statement\":[{\"Action\":\"sts:AssumeRole\",\"Effect\":\"Allow\",\"Principal\":{\"Service\":\"lambda.amazonaws.com\"}}],\"Version\":\"2012-10-17\"}",
            "create_date": "2025-02-11T03:08:08Z",
            "description": "",
            "force_detach_policies": false,
            "id": "multipagepdfa2i_lam_role_analyzepdf",
            "inline_policy": [
              {
                "name": "multipagepdfa2i_lambda_analyzepdf_policy",
                "policy": "{\"Version\":\"2012-10-17\",\"Statement\":[{\"Action\":[\"sagemaker:StartHumanLoop\"],\"Effect\":\"Allow\",\"Resource\":\"arn:aws:sagemaker:us-east-1:203918875586:flow-definition/*\"},{\"Action\":[\"bedrock:InvokeModel\"],\"Effect\":\"Allow\",\"Resource\":\"arn:aws:bedrock:us-east-1::foundation-model/anthropic.claude-3-haiku-20240307-v1:0\"},{\"Action\":[\"dynamodb:PutItem\"],\"Effect\":\"Allow\",\"Resource\":\"arn:aws:dynamodb:us-east-1:203918875586:table/multia2ipdf_callback\"},{\"Action\":[\"logs:CreateLogGroup\",\"logs:CreateLogStream\",\"logs:PutLogEvents\"],\"Effect\":\"Allow\",\"Resource\":\"arn:aws:logs:us-east-1:203918875586:log-group:/aws/lambda/multipagepdfa2i_analyzepdf:*\"},{\"Action\":[\"sqs:DeleteMessage\",\"sqs:ReceiveMessage\",\"sqs:ChangeMessageVisibility\",\"sqs:GetQueueAttributes\",\"sqs:GetQueueUrl\"],\"Effect\":\"Allow\",\"Resource\":[\"arn:aws:sqs:us-east-1:203918875586:multipagepdfa2i_sf_sqs\",\"arn:aws:sqs:us-east-1:203918875586:multipagepdfa2i_bedrock_sqs\"]},{\"Action\":[\"states:SendTaskSuccess\"],\"Effect\":\"Allow\",\"Resource\":\"arn:aws:states:us-east-1:203918875586:stateMachine:multipagepdfa2i_stepfunction\"},{\"Action\":[\"ssm:GetParameter\"],\"Effect\":\"Allow\",\"Resource\":[\"arn:aws:ssm:us-east-1:203918875586:parameter/business_rules/required_keys_values\",\"arn:aws:ssm:us-east-1:203918875586:parameter/business_rules/validationrequied\"]},{\"Action\":[\"s3:GetObject\",\"s3:PutObject\"],\"Effect\":\"Allow\",\"Resource\":[\"arn:aws:s3:::multipagepdfa2i\",\"arn:aws:s3:::multipagepdfa2i/*\"]}]}"
              }
            ],
            "managed_policy_arns": [],
            "max_session_duration": 3600,
            "name": "multipagepdfa2i_lam_role_analyzepdf",
            "name_prefix": "",
            "path": "/",
            "permissions_boundary": "",
            "tags": {},
            "tags_all": {},
            "unique_id": "AROAS66UDDPBGNUEUGZ34"
          },
          "sensitive_attributes": [],
          "private": "bnVsbA=="
        }
      ]
    },
    {
      "mode": "managed",
      "type": "aws_iam_role",
      "name": "lambda_humancomplete",
      "provider": "provider[\"registry.terraform.io/hashicorp/aws\"]",
      "instances": [
        {
          "schema_version": 0,
          "attributes": {
            "arn": "arn:aws:iam::203918875586:role/multipagepdfa2i_lam_role_humancomplete",
            "assume_role_policy": "{\"Statement\":[{\"Action\":\"sts:AssumeRole\",\"Effect\":\"Allow\",\"Principal\":{\"Service\":\"lambda.amazonaws.com\"}}],\"Version\":\"2012-10-17\"}",
            "create_date": "2025-02-11T03:08:08Z",
            "description": "",
            "force_detach_policies": false,
            "id": "multipagepdfa2i_lam_role_humancomplete",
            "inline_policy": [
              {
                "name": "multipagepdfa2i_lambda_humancomplete_policy",
                "policy": "{\"Version\":\"2012-10-17\",\"Statement\":[{\"Action\":[\"dynamodb:Query\"],\"Effect\":\"Allow\",\"Resource\":\"arn:aws:dynamodb:us-east-1:203918875586:table/multia2ipdf_callback\"},{\"Action\":[\"states:SendTaskSuccess\"],\"Effect\":\"Allow\",\"Resource\":\"arn:aws:states:us-east-1:203918875586:stateMachine:multipagepdfa2i_stepfunction\"},{\"Action\":[\"s3:GetObject\",\"s3:PutObject\"],\"Effect\":\"Allow\",\"Resource\":[\"arn:aws:s3:::multipagepdfa2i\",\"arn:aws:s3:::multipagepdfa2i/*\"]},{\"Action\":[\"logs:CreateLogGroup\"],\"Effect\":\"Allow\",\"Resource\":\"arn:aws:logs:us-east-1:203918875586:/aws/lambda/multipagepdfa2i_humancomplete:*\"},{\"Action\":[\"logs:CreateLogStream\",\"logs:PutLogEvents\"],\"Effect\":\"Allow\",\"Resource\":\"arn:aws:logs:us-east-1:203918875586:log-group:/aws/lambda/multipagepdfa2i_humancomplete:*\"}]}"
              }
            ],
            "managed_policy_arns": [],
            "max_session_duration": 3600,
            "name": "multipagepdfa2i_lam_role_humancomplete",
            "name_prefix": "",
            "path": "/",
            "permissions_boundary": "",
            "tags": {},
            "tags_all": {},
            "unique_id": "AROAS66UDDPBH53YKV63Q"
          },
          "sensitive_attributes": [],
          "private": "bnVsbA=="
        }
      ]
    },
    {
      "mode": "managed",
      "type": "aws_iam_role",
      "name": "lambda_imageresize",
      "provider": "provider[\"registry.terraform.io/hashicorp/aws\"]",
      "instances": [
        {
          "schema_version": 0,
          "attributes": {
            "arn": "arn:aws:iam::203918875586:role/multipagepdfa2i_imageresize_role",
            "assume_role_policy": "{\"Statement\":[{\"Action\":\"sts:AssumeRole\",\"Effect\":\"Allow\",\"Principal\":{\"Service\":\"lambda.amazonaws.com\"}}],\"Version\":\"2012-10-17\"}",
            "create_date": "2025-02-11T06:21:11Z",
            "description": "",
            "force_detach_policies": false,
            "id": "multipagepdfa2i_imageresize_role",
            "inline_policy": [],
            "managed_policy_arns": [],
            "max_session_duration": 3600,
            "name": "multipagepdfa2i_imageresize_role",
            "name_prefix": "",
            "path": "/",
            "permissions_boundary": "",
            "tags": null,
            "tags_all": {},
            "unique_id": "AROAS66UDDPBEZTE6EH7J"
          },
          "sensitive_attributes": [],
          "private": "bnVsbA=="
        }
      ]
    },
    {
      "mode": "managed",
      "type": "aws_iam_role",
      "name": "lambda_inserttodynamodb",
      "provider": "provider[\"registry.terraform.io/hashicorp/aws\"]",
      "instances": [
        {
          "schema_version": 0,
          "attributes": {
            "arn": "arn:aws:iam::203918875586:role/multipagepdfa2i_lam_role_inserttodynamodb",
            "assume_role_policy": "{\"Statement\":[{\"Action\":\"sts:AssumeRole\",\"Effect\":\"Allow\",\"Principal\":{\"Service\":\"lambda.amazonaws.com\"}}],\"Version\":\"2012-10-17\"}",
            "create_date": "2025-02-11T03:08:10Z",
            "description": "",
            "force_detach_policies": false,
            "id": "multipagepdfa2i_lam_role_inserttodynamodb",
            "inline_policy": [
              {
                "name": "multipagepdfa2i_lambda_inserttodynamodb_policy",
                "policy": "{\"Version\":\"2012-10-17\",\"Statement\":[{\"Action\":[\"dynamodb:PutItem\"],\"Effect\":\"Allow\",\"Resource\":\"arn:aws:dynamodb:us-east-1:203918875586:table/Vital_Birth_Data\"},{\"Action\":[\"s3:GetObject\"],\"Effect\":\"Allow\",\"Resource\":[\"arn:aws:s3:::multipagepdfa2i\",\"arn:aws:s3:::multipagepdfa2i/*\"]},{\"Action\":[\"logs:CreateLogGroup\"],\"Effect\":\"Allow\",\"Resource\":\"arn:aws:logs:us-east-1:203918875586:/aws/lambda/multipagepdfa2i_inserttodynamodb:*\"},{\"Action\":[\"logs:CreateLogStream\",\"logs:PutLogEvents\"],\"Effect\":\"Allow\",\"Resource\":\"arn:aws:logs:us-east-1:203918875586:log-group:/aws/lambda/multipagepdfa2i_inserttodynamodb:*\"}]}"
              }
            ],
            "managed_policy_arns": [],
            "max_session_duration": 3600,
            "name": "multipagepdfa2i_lam_role_inserttodynamodb",
            "name_prefix": "",
            "path": "/",
            "permissions_boundary": "",
            "tags": {},
            "tags_all": {},
            "unique_id": "AROAS66UDDPBI7BXZGTV2"
          },
          "sensitive_attributes": [],
          "private": "bnVsbA=="
        }
      ]
    },
    {
      "mode": "managed",
      "type": "aws_iam_role",
      "name": "lambda_kickoff",
      "provider": "provider[\"registry.terraform.io/hashicorp/aws\"]",
      "instances": [
        {
          "schema_version": 0,
          "attributes": {
            "arn": "arn:aws:iam::203918875586:role/multipagepdfa2i_lam_role_kickoff",
            "assume_role_policy": "{\"Statement\":[{\"Action\":\"sts:AssumeRole\",\"Effect\":\"Allow\",\"Principal\":{\"Service\":\"lambda.amazonaws.com\"}}],\"Version\":\"2012-10-17\"}",
            "create_date": "2025-02-11T03:08:08Z",
            "description": "",
            "force_detach_policies": false,
            "id": "multipagepdfa2i_lam_role_kickoff",
            "inline_policy": [
              {
                "name": "multipagepdfa2i_lambda_kickoff_policy",
                "policy": "{\"Version\":\"2012-10-17\",\"Statement\":[{\"Action\":[\"sqs:ReceiveMessage\",\"sqs:DeleteMessage\",\"sqs:GetQueueAttributes\",\"sqs:ChangeMessageVisibility\"],\"Effect\":\"Allow\",\"Resource\":\"arn:aws:sqs:us-east-1:203918875586:multipagepdfa2i_sf_sqs\"},{\"Action\":[\"states:StartExecution\"],\"Effect\":\"Allow\",\"Resource\":\"*\"},{\"Action\":[\"logs:CreateLogGroup\",\"logs:CreateLogStream\",\"logs:PutLogEvents\"],\"Effect\":\"Allow\",\"Resource\":\"arn:aws:logs:us-east-1:203918875586:log-group:/aws/lambda/multipagepdfa2i_kickoff:*\"}]}"
              }
            ],
            "managed_policy_arns": [],
            "max_session_duration": 3600,
            "name": "multipagepdfa2i_lam_role_kickoff",
            "name_prefix": "",
            "path": "/",
            "permissions_boundary": "",
            "tags": {},
            "tags_all": {},
            "unique_id": "AROAS66UDDPBAAR6MYJZ7"
          },
          "sensitive_attributes": [],
          "private": "bnVsbA=="
        }
      ]
    },
    {
      "mode": "managed",
      "type": "aws_iam_role",
      "name": "lambda_pngextract",
      "provider": "provider[\"registry.terraform.io/hashicorp/aws\"]",
      "instances": [
        {
          "schema_version": 0,
          "attributes": {
            "arn": "arn:aws:iam::203918875586:role/multipagepdfa2i_lam_role_pngextract",
            "assume_role_policy": "{\"Statement\":[{\"Action\":\"sts:AssumeRole\",\"Effect\":\"Allow\",\"Principal\":{\"Service\":\"lambda.amazonaws.com\"}}],\"Version\":\"2012-10-17\"}",
            "create_date": "2025-02-11T03:08:09Z",
            "description": "",
            "force_detach_policies": false,
            "id": "multipagepdfa2i_lam_role_pngextract",
            "inline_policy": [
              {
                "name": "multipagepdfa2i_lambda_pngextract_policy",
                "policy": "{\"Version\":\"2012-10-17\",\"Statement\":[{\"Action\":[\"s3:GetObject\",\"s3:PutObject\"],\"Effect\":\"Allow\",\"Resource\":[\"arn:aws:s3:::multipagepdfa2i\",\"arn:aws:s3:::multipagepdfa2i/*\"]},{\"Action\":[\"logs:CreateLogGroup\"],\"Effect\":\"Allow\",\"Resource\":\"arn:aws:logs:us-east-1:203918875586:/aws/lambda/multipagepdfa2i_pngextract:*\"},{\"Action\":[\"logs:CreateLogStream\",\"logs:PutLogEvents\"],\"Effect\":\"Allow\",\"Resource\":\"arn:aws:logs:us-east-1:203918875586:log-group:/aws/lambda/multipagepdfa2i_pngextract:*\"}]}"
              }
            ],
            "managed_policy_arns": [],
            "max_session_duration": 3600,
            "name": "multipagepdfa2i_lam_role_pngextract",
            "name_prefix": "",
            "path": "/",
            "permissions_boundary": "",
            "tags": {},
            "tags_all": {},
            "unique_id": "AROAS66UDDPBIQAPFYXLS"
          },
          "sensitive_attributes": [],
          "private": "bnVsbA=="
        }
      ]
    },
    {
      "mode": "managed",
      "type": "aws_iam_role",
      "name": "lambda_wrapup",
      "provider": "provider[\"registry.terraform.io/hashicorp/aws\"]",
      "instances": [
        {
          "schema_version": 0,
          "attributes": {
            "arn": "arn:aws:iam::203918875586:role/multipagepdfa2i_lam_role_wrapup",
            "assume_role_policy": "{\"Statement\":[{\"Action\":\"sts:AssumeRole\",\"Effect\":\"Allow\",\"Principal\":{\"Service\":\"lambda.amazonaws.com\"}}],\"Version\":\"2012-10-17\"}",
            "create_date": "2025-02-11T03:08:09Z",
            "description": "",
            "force_detach_policies": false,
            "id": "multipagepdfa2i_lam_role_wrapup",
            "inline_policy": [
              {
                "name": "multipagepdfa2i_lambda_wrapup_policy",
                "policy": "{\"Version\":\"2012-10-17\",\"Statement\":[{\"Action\":[\"ssm:GetParameter\"],\"Effect\":\"Allow\",\"Resource\":[\"arn:aws:ssm:us-east-1:203918875586:parameter/business_rules/required_keys_values\",\"arn:aws:ssm:us-east-1:203918875586:parameter/business_rules/validationrequied\"]},{\"Action\":[\"s3:GetObject\",\"s3:PutObject\",\"s3:DeleteObject\",\"s3:ListBucket\"],\"Effect\":\"Allow\",\"Resource\":[\"arn:aws:s3:::multipagepdfa2i\",\"arn:aws:s3:::multipagepdfa2i/*\"]},{\"Action\":[\"logs:CreateLogGroup\"],\"Effect\":\"Allow\",\"Resource\":\"arn:aws:logs:us-east-1:203918875586:/aws/lambda/multipagepdfa2i_wrapup:*\"},{\"Action\":[\"logs:CreateLogStream\",\"logs:PutLogEvents\"],\"Effect\":\"Allow\",\"Resource\":\"arn:aws:logs:us-east-1:203918875586:log-group:/aws/lambda/multipagepdfa2i_wrapup:*\"}]}"
              }
            ],
            "managed_policy_arns": [],
            "max_session_duration": 3600,
            "name": "multipagepdfa2i_lam_role_wrapup",
            "name_prefix": "",
            "path": "/",
            "permissions_boundary": "",
            "tags": {},
            "tags_all": {},
            "unique_id": "AROAS66UDDPBHSTIB6SMS"
          },
          "sensitive_attributes": [],
          "private": "bnVsbA=="
        }
      ]
    },
    {
      "mode": "managed",
      "type": "aws_iam_role",
      "name": "step_functions",
      "provider": "provider[\"registry.terraform.io/hashicorp/aws\"]",
      "instances": [
        {
          "schema_version": 0,
          "attributes": {
            "arn": "arn:aws:iam::203918875586:role/multipagepdfa2i_stepfunctions_role",
            "assume_role_policy": "{\"Statement\":[{\"Action\":\"sts:AssumeRole\",\"Effect\":\"Allow\",\"Principal\":{\"Service\":\"states.amazonaws.com\"}}],\"Version\":\"2012-10-17\"}",
            "create_date": "2025-02-11T03:08:09Z",
            "description": "",
            "force_detach_policies": false,
            "id": "multipagepdfa2i_stepfunctions_role",
            "inline_policy": [
              {
                "name": "multipagepdfa2i_stepfunctions_cloudwatch_policy",
                "policy": "{\"Version\":\"2012-10-17\",\"Statement\":[{\"Action\":[\"logs:CreateLogDelivery\",\"logs:GetLogDelivery\",\"logs:UpdateLogDelivery\",\"logs:DeleteLogDelivery\",\"logs:ListLogDeliveries\",\"logs:PutResourcePolicy\",\"logs:DescribeResourcePolicies\",\"logs:DescribeLogGroups\"],\"Effect\":\"Allow\",\"Resource\":\"*\"},{\"Action\":[\"logs:CreateLogStream\",\"logs:PutLogEvents\"],\"Effect\":\"Allow\",\"Resource\":\"arn:aws:logs:us-east-1:203918875586:log-group:/aws/stepfunctions/multipagepdfa2i_stepfunction_logs:*\"}]}"
              },
              {
                "name": "multipagepdfa2i_stepfunctions_policy",
                "policy": "{\"Version\":\"2012-10-17\",\"Statement\":[{\"Action\":[\"sqs:SendMessage\"],\"Effect\":\"Allow\",\"Resource\":\"arn:aws:sqs:us-east-1:203918875586:multipagepdfa2i_bedrock_sqs\"},{\"Action\":[\"lambda:InvokeFunction\"],\"Effect\":\"Allow\",\"Resource\":[\"arn:aws:lambda:us-east-1:203918875586:function:multipagepdfa2i_imageresize\",\"arn:aws:lambda:us-east-1:203918875586:function:multipagepdfa2i_inserttodynamodb\",\"arn:aws:lambda:us-east-1:203918875586:function:multipagepdfa2i_pngextract\",\"arn:aws:lambda:us-east-1:203918875586:function:multipagepdfa2i_wrapup\",\"arn:aws:lambda:us-east-1:203918875586:function:multipagepdfa2i_humancomplete\",\"arn:aws:lambda:us-east-1:203918875586:function:multipagepdfa2i_analyzepdf\",\"arn:aws:lambda:us-east-1:203918875586:function:multipagepdfa2i_kickoff\"]}]}"
              }
            ],
            "managed_policy_arns": [],
            "max_session_duration": 3600,
            "name": "multipagepdfa2i_stepfunctions_role",
            "name_prefix": "",
            "path": "/",
            "permissions_boundary": "",
            "tags": {},
            "tags_all": {},
            "unique_id": "AROAS66UDDPBA3XO46AEL"
          },
          "sensitive_attributes": [],
          "private": "bnVsbA=="
        }
      ]
    },
    {
      "mode": "managed",
      "type": "aws_iam_role_policy",
      "name": "lambda_analyzepdf",
      "provider": "provider[\"registry.terraform.io/hashicorp/aws\"]",
      "instances": [
        {
          "schema_version": 0,
          "attributes": {
            "id": "multipagepdfa2i_lam_role_analyzepdf:multipagepdfa2i_lambda_analyzepdf_policy",
            "name": "multipagepdfa2i_lambda_analyzepdf_policy",
            "name_prefix": "",
            "policy": "{\"Version\":\"2012-10-17\",\"Statement\":[{\"Action\":[\"sagemaker:StartHumanLoop\"],\"Effect\":\"Allow\",\"Resource\":\"arn:aws:sagemaker:us-east-1:203918875586:flow-definition/*\"},{\"Action\":[\"bedrock:InvokeModel\"],\"Effect\":\"Allow\",\"Resource\":\"arn:aws:bedrock:us-east-1::foundation-model/anthropic.claude-3-haiku-20240307-v1:0\"},{\"Action\":[\"dynamodb:PutItem\"],\"Effect\":\"Allow\",\"Resource\":\"arn:aws:dynamodb:us-east-1:203918875586:table/multia2ipdf_callback\"},{\"Action\":[\"logs:CreateLogGroup\",\"logs:CreateLogStream\",\"logs:PutLogEvents\"],\"Effect\":\"Allow\",\"Resource\":\"arn:aws:logs:us-east-1:203918875586:log-group:/aws/lambda/multipagepdfa2i_analyzepdf:*\"},{\"Action\":[\"sqs:DeleteMessage\",\"sqs:ReceiveMessage\",\"sqs:ChangeMessageVisibility\",\"sqs:GetQueueAttributes\",\"sqs:GetQueueUrl\"],\"Effect\":\"Allow\",\"Resource\":[\"arn:aws:sqs:us-east-1:203918875586:multipagepdfa2i_sf_sqs\",\"arn:aws:sqs:us-east-1:203918875586:multipagepdfa2i_bedrock_sqs\"]},{\"Action\":[\"states:SendTaskSuccess\"],\"Effect\":\"Allow\",\"Resource\":\"arn:aws:states:us-east-1:203918875586:stateMachine:multipagepdfa2i_stepfunction\"},{\"Action\":[\"ssm:GetParameter\"],\"Effect\":\"Allow\",\"Resource\":[\"arn:aws:ssm:us-east-1:203918875586:parameter/business_rules/required_keys_values\",\"arn:aws:ssm:us-east-1:203918875586:parameter/business_rules/validationrequied\"]},{\"Action\":[\"s3:GetObject\",\"s3:PutObject\"],\"Effect\":\"Allow\",\"Resource\":[\"arn:aws:s3:::multipagepdfa2i\",\"arn:aws:s3:::multipagepdfa2i/*\"]}]}",
            "role": "multipagepdfa2i_lam_role_analyzepdf"
          },
          "sensitive_attributes": [],
          "private": "bnVsbA==",
          "dependencies": [
            "aws_dynamodb_table.callback",
            "aws_iam_role.lambda_analyzepdf",
            "aws_s3_bucket.main",
            "aws_sqs_queue.bedrock_queue",
            "aws_sqs_queue.sf_queue",
            "aws_ssm_parameter.birthcertificate_key_values",
            "aws_ssm_parameter.birthcertificate_validation_required",
            "data.aws_caller_identity.current",
            "data.aws_region.current"
          ]
        }
      ]
    },
    {
      "mode": "managed",
      "type": "aws_iam_role_policy",
      "name": "lambda_humancomplete",
      "provider": "provider[\"registry.terraform.io/hashicorp/aws\"]",
      "instances": [
        {
          "schema_version": 0,
          "attributes": {
            "id": "multipagepdfa2i_lam_role_humancomplete:multipagepdfa2i_lambda_humancomplete_policy",
            "name": "multipagepdfa2i_lambda_humancomplete_policy",
            "name_prefix": "",
            "policy": "{\"Version\":\"2012-10-17\",\"Statement\":[{\"Action\":[\"dynamodb:Query\"],\"Effect\":\"Allow\",\"Resource\":\"arn:aws:dynamodb:us-east-1:203918875586:table/multia2ipdf_callback\"},{\"Action\":[\"states:SendTaskSuccess\"],\"Effect\":\"Allow\",\"Resource\":\"arn:aws:states:us-east-1:203918875586:stateMachine:multipagepdfa2i_stepfunction\"},{\"Action\":[\"s3:GetObject\",\"s3:PutObject\"],\"Effect\":\"Allow\",\"Resource\":[\"arn:aws:s3:::multipagepdfa2i\",\"arn:aws:s3:::multipagepdfa2i/*\"]},{\"Action\":[\"logs:CreateLogGroup\"],\"Effect\":\"Allow\",\"Resource\":\"arn:aws:logs:us-east-1:203918875586:/aws/lambda/multipagepdfa2i_humancomplete:*\"},{\"Action\":[\"logs:CreateLogStream\",\"logs:PutLogEvents\"],\"Effect\":\"Allow\",\"Resource\":\"arn:aws:logs:us-east-1:203918875586:log-group:/aws/lambda/multipagepdfa2i_humancomplete:*\"}]}",
            "role": "multipagepdfa2i_lam_role_humancomplete"
          },
          "sensitive_attributes": [],
          "private": "bnVsbA==",
          "dependencies": [
            "aws_dynamodb_table.callback",
            "aws_iam_role.lambda_humancomplete",
            "aws_s3_bucket.main",
            "data.aws_caller_identity.current",
            "data.aws_region.current"
          ]
        }
      ]
    },
    {
      "mode": "managed",
      "type": "aws_iam_role_policy",
      "name": "lambda_imageresize",
      "provider": "provider[\"registry.terraform.io/hashicorp/aws\"]",
      "instances": [
        {
          "schema_version": 0,
          "attributes": {
            "id": "multipagepdfa2i_imageresize_role:multipagepdfa2i_lambda_imageresize_policy",
            "name": "multipagepdfa2i_lambda_imageresize_policy",
            "name_prefix": "",
            "policy": "{\"Version\":\"2012-10-17\",\"Statement\":[{\"Action\":[\"s3:GetObject\",\"s3:PutObject\"],\"Effect\":\"Allow\",\"Resource\":[\"arn:aws:s3:::multipagepdfa2i\",\"arn:aws:s3:::multipagepdfa2i/*\"]},{\"Action\":[\"logs:CreateLogGroup\"],\"Effect\":\"Allow\",\"Resource\":\"arn:aws:logs:us-east-1:203918875586:/aws/lambda/multipagepdfa2i_imageresize:*\"},{\"Action\":[\"logs:CreateLogStream\",\"logs:PutLogEvents\"],\"Effect\":\"Allow\",\"Resource\":\"arn:aws:logs:us-east-1:203918875586:log-group:/aws/lambda/multipagepdfa2i_imageresize:*\"}]}",
            "role": "multipagepdfa2i_imageresize_role"
          },
          "sensitive_attributes": [],
          "private": "bnVsbA==",
          "dependencies": [
            "aws_iam_role.lambda_imageresize",
            "aws_s3_bucket.main",
            "data.aws_caller_identity.current",
            "data.aws_region.current"
          ]
        }
      ]
    },
    {
      "mode": "managed",
      "type": "aws_iam_role_policy",
      "name": "lambda_inserttodynamodb",
      "provider": "provider[\"registry.terraform.io/hashicorp/aws\"]",
      "instances": [
        {
          "schema_version": 0,
          "attributes": {
            "id": "multipagepdfa2i_lam_role_inserttodynamodb:multipagepdfa2i_lambda_inserttodynamodb_policy",
            "name": "multipagepdfa2i_lambda_inserttodynamodb_policy",
            "name_prefix": "",
            "policy": "{\"Version\":\"2012-10-17\",\"Statement\":[{\"Action\":[\"dynamodb:PutItem\"],\"Effect\":\"Allow\",\"Resource\":\"arn:aws:dynamodb:us-east-1:203918875586:table/Vital_Birth_Data\"},{\"Action\":[\"s3:GetObject\"],\"Effect\":\"Allow\",\"Resource\":[\"arn:aws:s3:::multipagepdfa2i\",\"arn:aws:s3:::multipagepdfa2i/*\"]},{\"Action\":[\"logs:CreateLogGroup\"],\"Effect\":\"Allow\",\"Resource\":\"arn:aws:logs:us-east-1:203918875586:/aws/lambda/multipagepdfa2i_inserttodynamodb:*\"},{\"Action\":[\"logs:CreateLogStream\",\"logs:PutLogEvents\"],\"Effect\":\"Allow\",\"Resource\":\"arn:aws:logs:us-east-1:203918875586:log-group:/aws/lambda/multipagepdfa2i_inserttodynamodb:*\"}]}",
            "role": "multipagepdfa2i_lam_role_inserttodynamodb"
          },
          "sensitive_attributes": [],
          "private": "bnVsbA==",
          "dependencies": [
            "aws_dynamodb_table.vital_birth_data",
            "aws_iam_role.lambda_inserttodynamodb",
            "aws_s3_bucket.main",
            "data.aws_caller_identity.current",
            "data.aws_region.current"
          ]
        }
      ]
    },
    {
      "mode": "managed",
      "type": "aws_iam_role_policy",
      "name": "lambda_kickoff",
      "provider": "provider[\"registry.terraform.io/hashicorp/aws\"]",
      "instances": [
        {
          "schema_version": 0,
          "attributes": {
            "id": "multipagepdfa2i_lam_role_kickoff:multipagepdfa2i_lambda_kickoff_policy",
            "name": "multipagepdfa2i_lambda_kickoff_policy",
            "name_prefix": "",
            "policy": "{\"Version\":\"2012-10-17\",\"Statement\":[{\"Action\":[\"sqs:ReceiveMessage\",\"sqs:DeleteMessage\",\"sqs:GetQueueAttributes\",\"sqs:ChangeMessageVisibility\"],\"Effect\":\"Allow\",\"Resource\":\"arn:aws:sqs:us-east-1:203918875586:multipagepdfa2i_sf_sqs\"},{\"Action\":[\"states:StartExecution\"],\"Effect\":\"Allow\",\"Resource\":\"*\"},{\"Action\":[\"logs:CreateLogGroup\",\"logs:CreateLogStream\",\"logs:PutLogEvents\"],\"Effect\":\"Allow\",\"Resource\":\"arn:aws:logs:us-east-1:203918875586:log-group:/aws/lambda/multipagepdfa2i_kickoff:*\"}]}",
            "role": "multipagepdfa2i_lam_role_kickoff"
          },
          "sensitive_attributes": [],
          "private": "bnVsbA==",
          "dependencies": [
            "aws_iam_role.lambda_kickoff",
            "aws_sqs_queue.sf_queue",
            "data.aws_caller_identity.current",
            "data.aws_region.current"
          ]
        }
      ]
    },
    {
      "mode": "managed",
      "type": "aws_iam_role_policy",
      "name": "lambda_pngextract",
      "provider": "provider[\"registry.terraform.io/hashicorp/aws\"]",
      "instances": [
        {
          "schema_version": 0,
          "attributes": {
            "id": "multipagepdfa2i_lam_role_pngextract:multipagepdfa2i_lambda_pngextract_policy",
            "name": "multipagepdfa2i_lambda_pngextract_policy",
            "name_prefix": "",
            "policy": "{\"Version\":\"2012-10-17\",\"Statement\":[{\"Action\":[\"s3:GetObject\",\"s3:PutObject\"],\"Effect\":\"Allow\",\"Resource\":[\"arn:aws:s3:::multipagepdfa2i\",\"arn:aws:s3:::multipagepdfa2i/*\"]},{\"Action\":[\"logs:CreateLogGroup\"],\"Effect\":\"Allow\",\"Resource\":\"arn:aws:logs:us-east-1:203918875586:/aws/lambda/multipagepdfa2i_pngextract:*\"},{\"Action\":[\"logs:CreateLogStream\",\"logs:PutLogEvents\"],\"Effect\":\"Allow\",\"Resource\":\"arn:aws:logs:us-east-1:203918875586:log-group:/aws/lambda/multipagepdfa2i_pngextract:*\"}]}",
            "role": "multipagepdfa2i_lam_role_pngextract"
          },
          "sensitive_attributes": [],
          "private": "bnVsbA==",
          "dependencies": [
            "aws_iam_role.lambda_pngextract",
            "aws_s3_bucket.main",
            "data.aws_caller_identity.current",
            "data.aws_region.current"
          ]
        }
      ]
    },
    {
      "mode": "managed",
      "type": "aws_iam_role_policy",
      "name": "lambda_wrapup",
      "provider": "provider[\"registry.terraform.io/hashicorp/aws\"]",
      "instances": [
        {
          "schema_version": 0,
          "attributes": {
            "id": "multipagepdfa2i_lam_role_wrapup:multipagepdfa2i_lambda_wrapup_policy",
            "name": "multipagepdfa2i_lambda_wrapup_policy",
            "name_prefix": "",
            "policy": "{\"Version\":\"2012-10-17\",\"Statement\":[{\"Action\":[\"ssm:GetParameter\"],\"Effect\":\"Allow\",\"Resource\":[\"arn:aws:ssm:us-east-1:203918875586:parameter/business_rules/required_keys_values\",\"arn:aws:ssm:us-east-1:203918875586:parameter/business_rules/validationrequied\"]},{\"Action\":[\"s3:GetObject\",\"s3:PutObject\",\"s3:DeleteObject\",\"s3:ListBucket\"],\"Effect\":\"Allow\",\"Resource\":[\"arn:aws:s3:::multipagepdfa2i\",\"arn:aws:s3:::multipagepdfa2i/*\"]},{\"Action\":[\"logs:CreateLogGroup\"],\"Effect\":\"Allow\",\"Resource\":\"arn:aws:logs:us-east-1:203918875586:/aws/lambda/multipagepdfa2i_wrapup:*\"},{\"Action\":[\"logs:CreateLogStream\",\"logs:PutLogEvents\"],\"Effect\":\"Allow\",\"Resource\":\"arn:aws:logs:us-east-1:203918875586:log-group:/aws/lambda/multipagepdfa2i_wrapup:*\"}]}",
            "role": "multipagepdfa2i_lam_role_wrapup"
          },
          "sensitive_attributes": [],
          "private": "bnVsbA==",
          "dependencies": [
            "aws_iam_role.lambda_wrapup",
            "aws_s3_bucket.main",
            "aws_ssm_parameter.birthcertificate_key_values",
            "aws_ssm_parameter.birthcertificate_validation_required",
            "data.aws_caller_identity.current",
            "data.aws_region.current"
          ]
        }
      ]
    },
    {
      "mode": "managed",
      "type": "aws_iam_role_policy",
      "name": "step_functions",
      "provider": "provider[\"registry.terraform.io/hashicorp/aws\"]",
      "instances": [
        {
          "schema_version": 0,
          "attributes": {
            "id": "multipagepdfa2i_stepfunctions_role:multipagepdfa2i_stepfunctions_policy",
            "name": "multipagepdfa2i_stepfunctions_policy",
            "name_prefix": "",
            "policy": "{\"Version\":\"2012-10-17\",\"Statement\":[{\"Action\":[\"sqs:SendMessage\"],\"Effect\":\"Allow\",\"Resource\":\"arn:aws:sqs:us-east-1:203918875586:multipagepdfa2i_bedrock_sqs\"},{\"Action\":[\"lambda:InvokeFunction\"],\"Effect\":\"Allow\",\"Resource\":[\"arn:aws:lambda:us-east-1:203918875586:function:multipagepdfa2i_imageresize\",\"arn:aws:lambda:us-east-1:203918875586:function:multipagepdfa2i_inserttodynamodb\",\"arn:aws:lambda:us-east-1:203918875586:function:multipagepdfa2i_pngextract\",\"arn:aws:lambda:us-east-1:203918875586:function:multipagepdfa2i_wrapup\",\"arn:aws:lambda:us-east-1:203918875586:function:multipagepdfa2i_humancomplete\",\"arn:aws:lambda:us-east-1:203918875586:function:multipagepdfa2i_analyzepdf\",\"arn:aws:lambda:us-east-1:203918875586:function:multipagepdfa2i_kickoff\"]}]}",
            "role": "multipagepdfa2i_stepfunctions_role"
          },
          "sensitive_attributes": [],
          "private": "bnVsbA==",
          "dependencies": [
            "aws_cloudwatch_log_group.stepfunctions",
            "aws_dynamodb_table.callback",
            "aws_dynamodb_table.vital_birth_data",
            "aws_iam_role.lambda_analyzepdf",
            "aws_iam_role.lambda_humancomplete",
            "aws_iam_role.lambda_imageresize",
            "aws_iam_role.lambda_inserttodynamodb",
            "aws_iam_role.lambda_kickoff",
            "aws_iam_role.lambda_pngextract",
            "aws_iam_role.lambda_wrapup",
            "aws_iam_role.step_functions",
            "aws_lambda_function.analyzepdf",
            "aws_lambda_function.humancomplete",
            "aws_lambda_function.imageresize",
            "aws_lambda_function.inserttodynamodb",
            "aws_lambda_function.kickoff",
            "aws_lambda_function.pngextract",
            "aws_lambda_function.wrapup",
            "aws_lambda_layer_version.sharp_layer",
            "aws_sfn_state_machine.multipagepdfa2i",
            "aws_sqs_queue.bedrock_queue",
            "aws_sqs_queue.sf_queue",
            "data.archive_file.analyzepdf",
            "data.archive_file.humancomplete",
            "data.archive_file.imageresize",
            "data.archive_file.inserttodynamodb",
            "data.archive_file.kickoff",
            "data.archive_file.wrapup"
          ]
        }
      ]
    },
    {
      "mode": "managed",
      "type": "aws_iam_role_policy",
      "name": "step_functions_cloudwatch",
      "provider": "provider[\"registry.terraform.io/hashicorp/aws\"]",
      "instances": [
        {
          "schema_version": 0,
          "attributes": {
            "id": "multipagepdfa2i_stepfunctions_role:multipagepdfa2i_stepfunctions_cloudwatch_policy",
            "name": "multipagepdfa2i_stepfunctions_cloudwatch_policy",
            "name_prefix": "",
            "policy": "{\"Version\":\"2012-10-17\",\"Statement\":[{\"Action\":[\"logs:CreateLogDelivery\",\"logs:GetLogDelivery\",\"logs:UpdateLogDelivery\",\"logs:DeleteLogDelivery\",\"logs:ListLogDeliveries\",\"logs:PutResourcePolicy\",\"logs:DescribeResourcePolicies\",\"logs:DescribeLogGroups\"],\"Effect\":\"Allow\",\"Resource\":\"*\"},{\"Action\":[\"logs:CreateLogStream\",\"logs:PutLogEvents\"],\"Effect\":\"Allow\",\"Resource\":\"arn:aws:logs:us-east-1:203918875586:log-group:/aws/stepfunctions/multipagepdfa2i_stepfunction_logs:*\"}]}",
            "role": "multipagepdfa2i_stepfunctions_role"
          },
          "sensitive_attributes": [],
          "private": "bnVsbA==",
          "dependencies": [
            "aws_cloudwatch_log_group.stepfunctions",
            "aws_iam_role.step_functions"
          ]
        }
      ]
    },
    {
      "mode": "managed",
      "type": "aws_lambda_event_source_mapping",
      "name": "analyzepdf_sqs_trigger",
      "provider": "provider[\"registry.terraform.io/hashicorp/aws\"]",
      "instances": [
        {
          "schema_version": 0,
          "attributes": {
            "amazon_managed_kafka_event_source_config": [],
            "arn": "arn:aws:lambda:us-east-1:203918875586:event-source-mapping:4bd6dbd8-405c-4707-b8ba-83ff9aafbabb",
            "batch_size": 1,
            "bisect_batch_on_function_error": false,
            "destination_config": [],
            "document_db_event_source_config": [],
            "enabled": true,
            "event_source_arn": "arn:aws:sqs:us-east-1:203918875586:multipagepdfa2i_bedrock_sqs",
            "filter_criteria": [],
            "function_arn": "arn:aws:lambda:us-east-1:203918875586:function:multipagepdfa2i_analyzepdf",
            "function_name": "arn:aws:lambda:us-east-1:203918875586:function:multipagepdfa2i_analyzepdf",
            "function_response_types": [],
            "id": "4bd6dbd8-405c-4707-b8ba-83ff9aafbabb",
            "kms_key_arn": "",
            "last_modified": "2025-02-11T03:09:06Z",
            "last_processing_result": "",
            "maximum_batching_window_in_seconds": 0,
            "maximum_record_age_in_seconds": 0,
            "maximum_retry_attempts": 0,
            "metrics_config": [],
            "parallelization_factor": 0,
            "provisioned_poller_config": [],
            "queues": [],
            "scaling_config": [],
            "self_managed_event_source": [],
            "self_managed_kafka_event_source_config": [],
            "source_access_configuration": [],
            "starting_position": "",
            "starting_position_timestamp": "",
            "state": "Enabled",
            "state_transition_reason": "USER_INITIATED",
            "tags": {},
            "tags_all": {},
            "topics": [],
            "tumbling_window_in_seconds": 0,
            "uuid": "4bd6dbd8-405c-4707-b8ba-83ff9aafbabb"
          },
          "sensitive_attributes": [],
          "private": "bnVsbA==",
          "dependencies": [
            "aws_dynamodb_table.callback",
            "aws_iam_role.lambda_analyzepdf",
            "aws_lambda_function.analyzepdf",
            "aws_sqs_queue.bedrock_queue",
            "data.archive_file.analyzepdf"
          ]
        }
      ]
    },
    {
      "mode": "managed",
      "type": "aws_lambda_event_source_mapping",
      "name": "kickoff_sqs_trigger",
      "provider": "provider[\"registry.terraform.io/hashicorp/aws\"]",
      "instances": [
        {
          "schema_version": 0,
          "attributes": {
            "amazon_managed_kafka_event_source_config": [],
            "arn": "arn:aws:lambda:us-east-1:203918875586:event-source-mapping:2c25f7fe-e9f1-4c7e-a9e0-e0938ed4ef9c",
            "batch_size": 1,
            "bisect_batch_on_function_error": false,
            "destination_config": [],
            "document_db_event_source_config": [],
            "enabled": true,
            "event_source_arn": "arn:aws:sqs:us-east-1:203918875586:multipagepdfa2i_sf_sqs",
            "filter_criteria": [],
            "function_arn": "arn:aws:lambda:us-east-1:203918875586:function:multipagepdfa2i_kickoff",
            "function_name": "arn:aws:lambda:us-east-1:203918875586:function:multipagepdfa2i_kickoff",
            "function_response_types": [],
            "id": "2c25f7fe-e9f1-4c7e-a9e0-e0938ed4ef9c",
            "kms_key_arn": "",
            "last_modified": "2025-02-11T03:38:08Z",
            "last_processing_result": "",
            "maximum_batching_window_in_seconds": 0,
            "maximum_record_age_in_seconds": 0,
            "maximum_retry_attempts": 0,
            "metrics_config": [],
            "parallelization_factor": 0,
            "provisioned_poller_config": [],
            "queues": [],
            "scaling_config": [],
            "self_managed_event_source": [],
            "self_managed_kafka_event_source_config": [],
            "source_access_configuration": [],
            "starting_position": "",
            "starting_position_timestamp": "",
            "state": "Enabled",
            "state_transition_reason": "USER_INITIATED",
            "tags": {},
            "tags_all": {},
            "topics": [],
            "tumbling_window_in_seconds": 0,
            "uuid": "2c25f7fe-e9f1-4c7e-a9e0-e0938ed4ef9c"
          },
          "sensitive_attributes": [],
          "private": "bnVsbA==",
          "dependencies": [
            "aws_cloudwatch_log_group.stepfunctions",
            "aws_dynamodb_table.vital_birth_data",
            "aws_iam_role.lambda_imageresize",
            "aws_iam_role.lambda_inserttodynamodb",
            "aws_iam_role.lambda_kickoff",
            "aws_iam_role.lambda_pngextract",
            "aws_iam_role.lambda_wrapup",
            "aws_iam_role.step_functions",
            "aws_lambda_function.imageresize",
            "aws_lambda_function.inserttodynamodb",
            "aws_lambda_function.kickoff",
            "aws_lambda_function.pngextract",
            "aws_lambda_function.wrapup",
            "aws_lambda_layer_version.sharp_layer",
            "aws_sfn_state_machine.multipagepdfa2i",
            "aws_sqs_queue.bedrock_queue",
            "aws_sqs_queue.sf_queue",
            "data.archive_file.imageresize",
            "data.archive_file.inserttodynamodb",
            "data.archive_file.kickoff",
            "data.archive_file.wrapup"
          ]
        }
      ]
    },
    {
      "mode": "managed",
      "type": "aws_lambda_function",
      "name": "analyzepdf",
      "provider": "provider[\"registry.terraform.io/hashicorp/aws\"]",
      "instances": [
        {
          "schema_version": 0,
          "attributes": {
            "architectures": [
              "x86_64"
            ],
            "arn": "arn:aws:lambda:us-east-1:203918875586:function:multipagepdfa2i_analyzepdf",
            "code_sha256": "g9GMRcBt0eBp1x9r6PDBP3kVMrFiY6v8u/4mY+Reh8Y=",
            "code_signing_config_arn": "",
            "dead_letter_config": [],
            "description": "",
            "environment": [
              {
                "variables": {
                  "ddb_tablename": "multia2ipdf_callback",
                  "human_workflow_arn": "arn:aws:sagemaker:us-east-1:203918875586:flow-definition/doc-to-db",
                  "sqs_url": "https://sqs.us-east-1.amazonaws.com/203918875586/multipagepdfa2i_bedrock_sqs"
                }
              }
            ],
            "ephemeral_storage": [
              {
                "size": 512
              }
            ],
            "file_system_config": [],
            "filename": "./files/analyzepdf.zip",
            "function_name": "multipagepdfa2i_analyzepdf",
            "handler": "lambda_function.lambda_handler",
            "id": "multipagepdfa2i_analyzepdf",
            "image_config": [],
            "image_uri": "",
            "invoke_arn": "arn:aws:apigateway:us-east-1:lambda:path/2015-03-31/functions/arn:aws:lambda:us-east-1:203918875586:function:multipagepdfa2i_analyzepdf/invocations",
            "kms_key_arn": "",
            "last_modified": "2025-02-11T03:08:58.951+0000",
            "layers": [],
            "logging_config": [
              {
                "application_log_level": "",
                "log_format": "Text",
                "log_group": "/aws/lambda/multipagepdfa2i_analyzepdf",
                "system_log_level": ""
              }
            ],
            "memory_size": 3000,
            "package_type": "Zip",
            "publish": false,
            "qualified_arn": "arn:aws:lambda:us-east-1:203918875586:function:multipagepdfa2i_analyzepdf:$LATEST",
            "qualified_invoke_arn": "arn:aws:apigateway:us-east-1:lambda:path/2015-03-31/functions/arn:aws:lambda:us-east-1:203918875586:function:multipagepdfa2i_analyzepdf:$LATEST/invocations",
            "replace_security_groups_on_destroy": null,
            "replacement_security_group_ids": null,
            "reserved_concurrent_executions": -1,
            "role": "arn:aws:iam::203918875586:role/multipagepdfa2i_lam_role_analyzepdf",
            "runtime": "python3.12",
            "s3_bucket": null,
            "s3_key": null,
            "s3_object_version": null,
            "signing_job_arn": "",
            "signing_profile_version_arn": "",
            "skip_destroy": false,
            "snap_start": [],
            "source_code_hash": "g9GMRcBt0eBp1x9r6PDBP3kVMrFiY6v8u/4mY+Reh8Y=",
            "source_code_size": 3351,
            "tags": {},
            "tags_all": {},
            "timeout": 180,
            "timeouts": null,
            "tracing_config": [
              {
                "mode": "PassThrough"
              }
            ],
            "version": "$LATEST",
            "vpc_config": []
          },
          "sensitive_attributes": [],
          "private": "eyJlMmJmYjczMC1lY2FhLTExZTYtOGY4OC0zNDM2M2JjN2M0YzAiOnsiY3JlYXRlIjo2MDAwMDAwMDAwMDAsImRlbGV0ZSI6NjAwMDAwMDAwMDAwLCJ1cGRhdGUiOjYwMDAwMDAwMDAwMH19",
          "dependencies": [
            "aws_dynamodb_table.callback",
            "aws_iam_role.lambda_analyzepdf",
            "aws_sqs_queue.bedrock_queue",
            "data.archive_file.analyzepdf"
          ]
        }
      ]
    },
    {
      "mode": "managed",
      "type": "aws_lambda_function",
      "name": "humancomplete",
      "provider": "provider[\"registry.terraform.io/hashicorp/aws\"]",
      "instances": [
        {
          "schema_version": 0,
          "attributes": {
            "architectures": [
              "x86_64"
            ],
            "arn": "arn:aws:lambda:us-east-1:203918875586:function:multipagepdfa2i_humancomplete",
            "code_sha256": "Fp+/rYfktkNB7xdiZJYGsTk2ujjvXRc/DEwgDM12Trg=",
            "code_signing_config_arn": "",
            "dead_letter_config": [],
            "description": "",
            "environment": [
              {
                "variables": {
                  "ddb_tablename": "multia2ipdf_callback"
                }
              }
            ],
            "ephemeral_storage": [
              {
                "size": 512
              }
            ],
            "file_system_config": [],
            "filename": "./files/humancomplete.zip",
            "function_name": "multipagepdfa2i_humancomplete",
            "handler": "lambda_function.lambda_handler",
            "id": "multipagepdfa2i_humancomplete",
            "image_config": [],
            "image_uri": "",
            "invoke_arn": "arn:aws:apigateway:us-east-1:lambda:path/2015-03-31/functions/arn:aws:lambda:us-east-1:203918875586:function:multipagepdfa2i_humancomplete/invocations",
            "kms_key_arn": "",
            "last_modified": "2025-02-11T03:08:45.093+0000",
            "layers": [],
            "logging_config": [
              {
                "application_log_level": "",
                "log_format": "Text",
                "log_group": "/aws/lambda/multipagepdfa2i_humancomplete",
                "system_log_level": ""
              }
            ],
            "memory_size": 3000,
            "package_type": "Zip",
            "publish": false,
            "qualified_arn": "arn:aws:lambda:us-east-1:203918875586:function:multipagepdfa2i_humancomplete:$LATEST",
            "qualified_invoke_arn": "arn:aws:apigateway:us-east-1:lambda:path/2015-03-31/functions/arn:aws:lambda:us-east-1:203918875586:function:multipagepdfa2i_humancomplete:$LATEST/invocations",
            "replace_security_groups_on_destroy": null,
            "replacement_security_group_ids": null,
            "reserved_concurrent_executions": -1,
            "role": "arn:aws:iam::203918875586:role/multipagepdfa2i_lam_role_humancomplete",
            "runtime": "python3.12",
            "s3_bucket": null,
            "s3_key": null,
            "s3_object_version": null,
            "signing_job_arn": "",
            "signing_profile_version_arn": "",
            "skip_destroy": false,
            "snap_start": [],
            "source_code_hash": "Fp+/rYfktkNB7xdiZJYGsTk2ujjvXRc/DEwgDM12Trg=",
            "source_code_size": 1721,
            "tags": {},
            "tags_all": {},
            "timeout": 900,
            "timeouts": null,
            "tracing_config": [
              {
                "mode": "PassThrough"
              }
            ],
            "version": "$LATEST",
            "vpc_config": []
          },
          "sensitive_attributes": [],
          "private": "eyJlMmJmYjczMC1lY2FhLTExZTYtOGY4OC0zNDM2M2JjN2M0YzAiOnsiY3JlYXRlIjo2MDAwMDAwMDAwMDAsImRlbGV0ZSI6NjAwMDAwMDAwMDAwLCJ1cGRhdGUiOjYwMDAwMDAwMDAwMH19",
          "dependencies": [
            "aws_dynamodb_table.callback",
            "aws_iam_role.lambda_humancomplete",
            "data.archive_file.humancomplete"
          ]
        }
      ]
    },
    {
      "mode": "managed",
      "type": "aws_lambda_function",
      "name": "imageresize",
      "provider": "provider[\"registry.terraform.io/hashicorp/aws\"]",
      "instances": [
        {
          "schema_version": 0,
          "attributes": {
            "architectures": [
              "x86_64"
            ],
            "arn": "arn:aws:lambda:us-east-1:203918875586:function:multipagepdfa2i_imageresize",
            "code_sha256": "g6WxBdg3Y9MyZ68vOvTM5/LVOC2Ra1su+ZoMYN3x/SE=",
            "code_signing_config_arn": "",
            "dead_letter_config": [],
            "description": "",
            "environment": [],
            "ephemeral_storage": [
              {
                "size": 512
              }
            ],
            "file_system_config": [],
            "filename": "./files/imageresize.zip",
            "function_name": "multipagepdfa2i_imageresize",
            "handler": "index.handler",
            "id": "multipagepdfa2i_imageresize",
            "image_config": [],
            "image_uri": "",
            "invoke_arn": "arn:aws:apigateway:us-east-1:lambda:path/2015-03-31/functions/arn:aws:lambda:us-east-1:203918875586:function:multipagepdfa2i_imageresize/invocations",
            "kms_key_arn": "",
            "last_modified": "2025-02-11T06:21:28.000+0000",
            "layers": [
              "arn:aws:lambda:us-east-1:203918875586:layer:sharplayer:6"
            ],
            "logging_config": [
              {
                "application_log_level": "",
                "log_format": "Text",
                "log_group": "/aws/lambda/multipagepdfa2i_imageresize",
                "system_log_level": ""
              }
            ],
            "memory_size": 3000,
            "package_type": "Zip",
            "publish": false,
            "qualified_arn": "arn:aws:lambda:us-east-1:203918875586:function:multipagepdfa2i_imageresize:$LATEST",
            "qualified_invoke_arn": "arn:aws:apigateway:us-east-1:lambda:path/2015-03-31/functions/arn:aws:lambda:us-east-1:203918875586:function:multipagepdfa2i_imageresize:$LATEST/invocations",
            "replace_security_groups_on_destroy": null,
            "replacement_security_group_ids": null,
            "reserved_concurrent_executions": -1,
            "role": "arn:aws:iam::203918875586:role/multipagepdfa2i_imageresize_role",
            "runtime": "nodejs20.x",
            "s3_bucket": null,
            "s3_key": null,
            "s3_object_version": null,
            "signing_job_arn": "",
            "signing_profile_version_arn": "",
            "skip_destroy": false,
            "snap_start": [],
            "source_code_hash": "g6WxBdg3Y9MyZ68vOvTM5/LVOC2Ra1su+ZoMYN3x/SE=",
            "source_code_size": 1206,
            "tags": {},
            "tags_all": {},
            "timeout": 900,
            "timeouts": null,
            "tracing_config": [
              {
                "mode": "PassThrough"
              }
            ],
            "version": "$LATEST",
            "vpc_config": []
          },
          "sensitive_attributes": [],
          "private": "eyJlMmJmYjczMC1lY2FhLTExZTYtOGY4OC0zNDM2M2JjN2M0YzAiOnsiY3JlYXRlIjo2MDAwMDAwMDAwMDAsImRlbGV0ZSI6NjAwMDAwMDAwMDAwLCJ1cGRhdGUiOjYwMDAwMDAwMDAwMH19",
          "dependencies": [
            "aws_iam_role.lambda_imageresize",
            "aws_lambda_layer_version.sharp_layer",
            "data.archive_file.imageresize"
          ]
        }
      ]
    },
    {
      "mode": "managed",
      "type": "aws_lambda_function",
      "name": "inserttodynamodb",
      "provider": "provider[\"registry.terraform.io/hashicorp/aws\"]",
      "instances": [
        {
          "schema_version": 0,
          "attributes": {
            "architectures": [
              "x86_64"
            ],
            "arn": "arn:aws:lambda:us-east-1:203918875586:function:multipagepdfa2i_inserttodynamodb",
            "code_sha256": "ERm/mc+WEjjqAWuNTX18ZAEYGo2dvdnr6AcNKThUiO0=",
            "code_signing_config_arn": "",
            "dead_letter_config": [],
            "description": "",
            "environment": [
              {
                "variables": {
                  "ddb_tablename": "Vital_Birth_Data"
                }
              }
            ],
            "ephemeral_storage": [
              {
                "size": 512
              }
            ],
            "file_system_config": [],
            "filename": "./files/inserttodynamodb.zip",
            "function_name": "multipagepdfa2i_inserttodynamodb",
            "handler": "lambda_function.lambda_handler",
            "id": "multipagepdfa2i_inserttodynamodb",
            "image_config": [],
            "image_uri": "",
            "invoke_arn": "arn:aws:apigateway:us-east-1:lambda:path/2015-03-31/functions/arn:aws:lambda:us-east-1:203918875586:function:multipagepdfa2i_inserttodynamodb/invocations",
            "kms_key_arn": "",
            "last_modified": "2025-02-11T03:08:52.062+0000",
            "layers": [],
            "logging_config": [
              {
                "application_log_level": "",
                "log_format": "Text",
                "log_group": "/aws/lambda/multipagepdfa2i_inserttodynamodb",
                "system_log_level": ""
              }
            ],
            "memory_size": 3000,
            "package_type": "Zip",
            "publish": false,
            "qualified_arn": "arn:aws:lambda:us-east-1:203918875586:function:multipagepdfa2i_inserttodynamodb:$LATEST",
            "qualified_invoke_arn": "arn:aws:apigateway:us-east-1:lambda:path/2015-03-31/functions/arn:aws:lambda:us-east-1:203918875586:function:multipagepdfa2i_inserttodynamodb:$LATEST/invocations",
            "replace_security_groups_on_destroy": null,
            "replacement_security_group_ids": null,
            "reserved_concurrent_executions": -1,
            "role": "arn:aws:iam::203918875586:role/multipagepdfa2i_lam_role_inserttodynamodb",
            "runtime": "python3.12",
            "s3_bucket": null,
            "s3_key": null,
            "s3_object_version": null,
            "signing_job_arn": "",
            "signing_profile_version_arn": "",
            "skip_destroy": false,
            "snap_start": [],
            "source_code_hash": "ERm/mc+WEjjqAWuNTX18ZAEYGo2dvdnr6AcNKThUiO0=",
            "source_code_size": 1352,
            "tags": {},
            "tags_all": {},
            "timeout": 900,
            "timeouts": null,
            "tracing_config": [
              {
                "mode": "PassThrough"
              }
            ],
            "version": "$LATEST",
            "vpc_config": []
          },
          "sensitive_attributes": [],
          "private": "eyJlMmJmYjczMC1lY2FhLTExZTYtOGY4OC0zNDM2M2JjN2M0YzAiOnsiY3JlYXRlIjo2MDAwMDAwMDAwMDAsImRlbGV0ZSI6NjAwMDAwMDAwMDAwLCJ1cGRhdGUiOjYwMDAwMDAwMDAwMH19",
          "dependencies": [
            "aws_dynamodb_table.vital_birth_data",
            "aws_iam_role.lambda_inserttodynamodb",
            "data.archive_file.inserttodynamodb"
          ]
        }
      ]
    },
    {
      "mode": "managed",
      "type": "aws_lambda_function",
      "name": "kickoff",
      "provider": "provider[\"registry.terraform.io/hashicorp/aws\"]",
      "instances": [
        {
          "schema_version": 0,
          "attributes": {
            "architectures": [
              "x86_64"
            ],
            "arn": "arn:aws:lambda:us-east-1:203918875586:function:multipagepdfa2i_kickoff",
            "code_sha256": "X3CFMjvWBOuMulC2rA754jDfGBpOCk1aVM9YO7yrWzI=",
            "code_signing_config_arn": "",
            "dead_letter_config": [],
            "description": "",
            "environment": [
              {
                "variables": {
                  "sqs_url": "https://sqs.us-east-1.amazonaws.com/203918875586/multipagepdfa2i_sf_sqs",
                  "state_machine_arn": "arn:aws:states:us-east-1:203918875586:stateMachine:multipagepdfa2i_stepfunction"
                }
              }
            ],
            "ephemeral_storage": [
              {
                "size": 512
              }
            ],
            "file_system_config": [],
            "filename": "./files/kickoff.zip",
            "function_name": "multipagepdfa2i_kickoff",
            "handler": "lambda_function.lambda_handler",
            "id": "multipagepdfa2i_kickoff",
            "image_config": [],
            "image_uri": "",
            "invoke_arn": "arn:aws:apigateway:us-east-1:lambda:path/2015-03-31/functions/arn:aws:lambda:us-east-1:203918875586:function:multipagepdfa2i_kickoff/invocations",
            "kms_key_arn": "",
            "last_modified": "2025-02-11T03:38:12.000+0000",
            "layers": [],
            "logging_config": [
              {
                "application_log_level": "",
                "log_format": "Text",
                "log_group": "/aws/lambda/multipagepdfa2i_kickoff",
                "system_log_level": ""
              }
            ],
            "memory_size": 3000,
            "package_type": "Zip",
            "publish": false,
            "qualified_arn": "arn:aws:lambda:us-east-1:203918875586:function:multipagepdfa2i_kickoff:$LATEST",
            "qualified_invoke_arn": "arn:aws:apigateway:us-east-1:lambda:path/2015-03-31/functions/arn:aws:lambda:us-east-1:203918875586:function:multipagepdfa2i_kickoff:$LATEST/invocations",
            "replace_security_groups_on_destroy": null,
            "replacement_security_group_ids": null,
            "reserved_concurrent_executions": -1,
            "role": "arn:aws:iam::203918875586:role/multipagepdfa2i_lam_role_kickoff",
            "runtime": "python3.12",
            "s3_bucket": null,
            "s3_key": null,
            "s3_object_version": null,
            "signing_job_arn": "",
            "signing_profile_version_arn": "",
            "skip_destroy": false,
            "snap_start": [],
            "source_code_hash": "X3CFMjvWBOuMulC2rA754jDfGBpOCk1aVM9YO7yrWzI=",
            "source_code_size": 1164,
            "tags": {},
            "tags_all": {},
            "timeout": 300,
            "timeouts": null,
            "tracing_config": [
              {
                "mode": "PassThrough"
              }
            ],
            "version": "$LATEST",
            "vpc_config": []
          },
          "sensitive_attributes": [],
          "private": "eyJlMmJmYjczMC1lY2FhLTExZTYtOGY4OC0zNDM2M2JjN2M0YzAiOnsiY3JlYXRlIjo2MDAwMDAwMDAwMDAsImRlbGV0ZSI6NjAwMDAwMDAwMDAwLCJ1cGRhdGUiOjYwMDAwMDAwMDAwMH19",
          "dependencies": [
            "aws_cloudwatch_log_group.stepfunctions",
            "aws_dynamodb_table.vital_birth_data",
            "aws_iam_role.lambda_imageresize",
            "aws_iam_role.lambda_inserttodynamodb",
            "aws_iam_role.lambda_kickoff",
            "aws_iam_role.lambda_pngextract",
            "aws_iam_role.lambda_wrapup",
            "aws_iam_role.step_functions",
            "aws_lambda_function.imageresize",
            "aws_lambda_function.inserttodynamodb",
            "aws_lambda_function.pngextract",
            "aws_lambda_function.wrapup",
            "aws_lambda_layer_version.sharp_layer",
            "aws_sfn_state_machine.multipagepdfa2i",
            "aws_sqs_queue.bedrock_queue",
            "aws_sqs_queue.sf_queue",
            "data.archive_file.imageresize",
            "data.archive_file.inserttodynamodb",
            "data.archive_file.kickoff",
            "data.archive_file.wrapup"
          ]
        }
      ]
    },
    {
      "mode": "managed",
      "type": "aws_lambda_function",
      "name": "pngextract",
      "provider": "provider[\"registry.terraform.io/hashicorp/aws\"]",
      "instances": [
        {
          "schema_version": 0,
          "attributes": {
            "architectures": [
              "x86_64"
            ],
            "arn": "arn:aws:lambda:us-east-1:203918875586:function:multipagepdfa2i_pngextract",
            "code_sha256": "qht20hRrrCBzzVrsmjzUP4hHfnBwZ1WUQL3wpdTX+1Y=",
            "code_signing_config_arn": "",
            "dead_letter_config": [],
            "description": "",
            "environment": [],
            "ephemeral_storage": [
              {
                "size": 512
              }
            ],
            "file_system_config": [],
            "filename": "./deploy_code/multipagepdfa2i_pngextract/multipagepdfa2i_pngextract.jar",
            "function_name": "multipagepdfa2i_pngextract",
            "handler": "Lambda::handleRequest",
            "id": "multipagepdfa2i_pngextract",
            "image_config": [],
            "image_uri": "",
            "invoke_arn": "arn:aws:apigateway:us-east-1:lambda:path/2015-03-31/functions/arn:aws:lambda:us-east-1:203918875586:function:multipagepdfa2i_pngextract/invocations",
            "kms_key_arn": "",
            "last_modified": "2025-02-11T03:08:30.037+0000",
            "layers": [],
            "logging_config": [
              {
                "application_log_level": "",
                "log_format": "Text",
                "log_group": "/aws/lambda/multipagepdfa2i_pngextract",
                "system_log_level": ""
              }
            ],
            "memory_size": 3000,
            "package_type": "Zip",
            "publish": false,
            "qualified_arn": "arn:aws:lambda:us-east-1:203918875586:function:multipagepdfa2i_pngextract:$LATEST",
            "qualified_invoke_arn": "arn:aws:apigateway:us-east-1:lambda:path/2015-03-31/functions/arn:aws:lambda:us-east-1:203918875586:function:multipagepdfa2i_pngextract:$LATEST/invocations",
            "replace_security_groups_on_destroy": null,
            "replacement_security_group_ids": null,
            "reserved_concurrent_executions": -1,
            "role": "arn:aws:iam::203918875586:role/multipagepdfa2i_lam_role_pngextract",
            "runtime": "java21",
            "s3_bucket": null,
            "s3_key": null,
            "s3_object_version": null,
            "signing_job_arn": "",
            "signing_profile_version_arn": "",
            "skip_destroy": false,
            "snap_start": [],
            "source_code_hash": "",
            "source_code_size": 13139889,
            "tags": {},
            "tags_all": {},
            "timeout": 900,
            "timeouts": null,
            "tracing_config": [
              {
                "mode": "PassThrough"
              }
            ],
            "version": "$LATEST",
            "vpc_config": []
          },
          "sensitive_attributes": [],
          "private": "eyJlMmJmYjczMC1lY2FhLTExZTYtOGY4OC0zNDM2M2JjN2M0YzAiOnsiY3JlYXRlIjo2MDAwMDAwMDAwMDAsImRlbGV0ZSI6NjAwMDAwMDAwMDAwLCJ1cGRhdGUiOjYwMDAwMDAwMDAwMH19",
          "dependencies": [
            "aws_iam_role.lambda_pngextract"
          ]
        }
      ]
    },
    {
      "mode": "managed",
      "type": "aws_lambda_function",
      "name": "wrapup",
      "provider": "provider[\"registry.terraform.io/hashicorp/aws\"]",
      "instances": [
        {
          "schema_version": 0,
          "attributes": {
            "architectures": [
              "x86_64"
            ],
            "arn": "arn:aws:lambda:us-east-1:203918875586:function:multipagepdfa2i_wrapup",
            "code_sha256": "xIkydDl+fj6ylRgZqKBlvW/jTQJbZ6puL/OwbZ7XJ24=",
            "code_signing_config_arn": "",
            "dead_letter_config": [],
            "description": "",
            "environment": [],
            "ephemeral_storage": [
              {
                "size": 512
              }
            ],
            "file_system_config": [],
            "filename": "./files/wrapup.zip",
            "function_name": "multipagepdfa2i_wrapup",
            "handler": "lambda_function.lambda_handler",
            "id": "multipagepdfa2i_wrapup",
            "image_config": [],
            "image_uri": "",
            "invoke_arn": "arn:aws:apigateway:us-east-1:lambda:path/2015-03-31/functions/arn:aws:lambda:us-east-1:203918875586:function:multipagepdfa2i_wrapup/invocations",
            "kms_key_arn": "",
            "last_modified": "2025-02-11T03:08:19.918+0000",
            "layers": [],
            "logging_config": [
              {
                "application_log_level": "",
                "log_format": "Text",
                "log_group": "/aws/lambda/multipagepdfa2i_wrapup",
                "system_log_level": ""
              }
            ],
            "memory_size": 3000,
            "package_type": "Zip",
            "publish": false,
            "qualified_arn": "arn:aws:lambda:us-east-1:203918875586:function:multipagepdfa2i_wrapup:$LATEST",
            "qualified_invoke_arn": "arn:aws:apigateway:us-east-1:lambda:path/2015-03-31/functions/arn:aws:lambda:us-east-1:203918875586:function:multipagepdfa2i_wrapup:$LATEST/invocations",
            "replace_security_groups_on_destroy": null,
            "replacement_security_group_ids": null,
            "reserved_concurrent_executions": -1,
            "role": "arn:aws:iam::203918875586:role/multipagepdfa2i_lam_role_wrapup",
            "runtime": "python3.12",
            "s3_bucket": null,
            "s3_key": null,
            "s3_object_version": null,
            "signing_job_arn": "",
            "signing_profile_version_arn": "",
            "skip_destroy": false,
            "snap_start": [],
            "source_code_hash": "xIkydDl+fj6ylRgZqKBlvW/jTQJbZ6puL/OwbZ7XJ24=",
            "source_code_size": 3303,
            "tags": {},
            "tags_all": {},
            "timeout": 900,
            "timeouts": null,
            "tracing_config": [
              {
                "mode": "PassThrough"
              }
            ],
            "version": "$LATEST",
            "vpc_config": []
          },
          "sensitive_attributes": [],
          "private": "eyJlMmJmYjczMC1lY2FhLTExZTYtOGY4OC0zNDM2M2JjN2M0YzAiOnsiY3JlYXRlIjo2MDAwMDAwMDAwMDAsImRlbGV0ZSI6NjAwMDAwMDAwMDAwLCJ1cGRhdGUiOjYwMDAwMDAwMDAwMH19",
          "dependencies": [
            "aws_iam_role.lambda_wrapup",
            "data.archive_file.wrapup"
          ]
        }
      ]
    },
    {
      "mode": "managed",
      "type": "aws_lambda_function_event_invoke_config",
      "name": "kickoff",
      "provider": "provider[\"registry.terraform.io/hashicorp/aws\"]",
      "instances": [
        {
          "schema_version": 0,
          "attributes": {
            "destination_config": [],
            "function_name": "multipagepdfa2i_kickoff",
            "id": "multipagepdfa2i_kickoff",
            "maximum_event_age_in_seconds": 0,
            "maximum_retry_attempts": 2,
            "qualifier": ""
          },
          "sensitive_attributes": [],
          "private": "bnVsbA==",
          "dependencies": [
            "aws_cloudwatch_log_group.stepfunctions",
            "aws_dynamodb_table.vital_birth_data",
            "aws_iam_role.lambda_imageresize",
            "aws_iam_role.lambda_inserttodynamodb",
            "aws_iam_role.lambda_kickoff",
            "aws_iam_role.lambda_pngextract",
            "aws_iam_role.lambda_wrapup",
            "aws_iam_role.step_functions",
            "aws_lambda_function.imageresize",
            "aws_lambda_function.inserttodynamodb",
            "aws_lambda_function.kickoff",
            "aws_lambda_function.pngextract",
            "aws_lambda_function.wrapup",
            "aws_lambda_layer_version.sharp_layer",
            "aws_sfn_state_machine.multipagepdfa2i",
            "aws_sqs_queue.bedrock_queue",
            "aws_sqs_queue.sf_queue",
            "data.archive_file.imageresize",
            "data.archive_file.inserttodynamodb",
            "data.archive_file.kickoff",
            "data.archive_file.wrapup"
          ]
        }
      ]
    },
    {
      "mode": "managed",
      "type": "aws_lambda_function_event_invoke_config",
      "name": "update_env",
      "provider": "provider[\"registry.terraform.io/hashicorp/aws\"]",
      "instances": [
        {
          "schema_version": 0,
          "attributes": {
            "destination_config": [],
            "function_name": "multipagepdfa2i_kickoff",
            "id": "multipagepdfa2i_kickoff",
            "maximum_event_age_in_seconds": 0,
            "maximum_retry_attempts": 2,
            "qualifier": ""
          },
          "sensitive_attributes": [],
          "private": "bnVsbA==",
          "dependencies": [
            "aws_cloudwatch_log_group.stepfunctions",
            "aws_dynamodb_table.vital_birth_data",
            "aws_iam_role.lambda_imageresize",
            "aws_iam_role.lambda_inserttodynamodb",
            "aws_iam_role.lambda_kickoff",
            "aws_iam_role.lambda_pngextract",
            "aws_iam_role.lambda_wrapup",
            "aws_iam_role.step_functions",
            "aws_lambda_function.imageresize",
            "aws_lambda_function.inserttodynamodb",
            "aws_lambda_function.kickoff",
            "aws_lambda_function.pngextract",
            "aws_lambda_function.wrapup",
            "aws_lambda_function_event_invoke_config.kickoff",
            "aws_lambda_layer_version.sharp_layer",
            "aws_sfn_state_machine.multipagepdfa2i",
            "aws_sqs_queue.bedrock_queue",
            "aws_sqs_queue.sf_queue",
            "data.archive_file.imageresize",
            "data.archive_file.inserttodynamodb",
            "data.archive_file.kickoff",
            "data.archive_file.wrapup"
          ]
        }
      ]
    },
    {
      "mode": "managed",
      "type": "aws_lambda_layer_version",
      "name": "sharp_layer",
      "provider": "provider[\"registry.terraform.io/hashicorp/aws\"]",
      "instances": [
        {
          "schema_version": 0,
          "attributes": {
            "arn": "arn:aws:lambda:us-east-1:203918875586:layer:sharplayer:6",
            "code_sha256": "Y5z/ksJIIEJaaRWqQyeH4N6Eycgbdv9boawx5gY3Lfk=",
            "compatible_architectures": [],
            "compatible_runtimes": [
              "nodejs20.x"
            ],
            "created_date": "2025-02-11T06:14:27.002+0000",
            "description": "sharplayer",
            "filename": "./files/sharp-layer.zip",
            "id": "arn:aws:lambda:us-east-1:203918875586:layer:sharplayer:6",
            "layer_arn": "arn:aws:lambda:us-east-1:203918875586:layer:sharplayer",
            "layer_name": "sharplayer",
            "license_info": "",
            "s3_bucket": null,
            "s3_key": null,
            "s3_object_version": null,
            "signing_job_arn": "",
            "signing_profile_version_arn": "",
            "skip_destroy": false,
            "source_code_hash": "",
            "source_code_size": 7398001,
            "version": "6"
          },
          "sensitive_attributes": [],
          "private": "bnVsbA=="
        }
      ]
    },
    {
      "mode": "managed",
      "type": "aws_lambda_permission",
      "name": "allow_sqs_analyzepdf",
      "provider": "provider[\"registry.terraform.io/hashicorp/aws\"]",
      "instances": [
        {
          "schema_version": 0,
          "attributes": {
            "action": "lambda:InvokeFunction",
            "event_source_token": null,
            "function_name": "multipagepdfa2i_analyzepdf",
            "function_url_auth_type": null,
            "id": "AllowSQSInvoke",
            "principal": "sqs.amazonaws.com",
            "principal_org_id": null,
            "qualifier": "",
            "source_account": null,
            "source_arn": "arn:aws:sqs:us-east-1:203918875586:multipagepdfa2i_bedrock_sqs",
            "statement_id": "AllowSQSInvoke",
            "statement_id_prefix": ""
          },
          "sensitive_attributes": [],
          "private": "bnVsbA==",
          "dependencies": [
            "aws_dynamodb_table.callback",
            "aws_iam_role.lambda_analyzepdf",
            "aws_lambda_function.analyzepdf",
            "aws_sqs_queue.bedrock_queue",
            "data.archive_file.analyzepdf"
          ]
        }
      ]
    },
    {
      "mode": "managed",
      "type": "aws_lambda_permission",
      "name": "allow_sqs_kickoff",
      "provider": "provider[\"registry.terraform.io/hashicorp/aws\"]",
      "instances": [
        {
          "schema_version": 0,
          "attributes": {
            "action": "lambda:InvokeFunction",
            "event_source_token": null,
            "function_name": "multipagepdfa2i_kickoff",
            "function_url_auth_type": null,
            "id": "AllowSQSInvoke",
            "principal": "sqs.amazonaws.com",
            "principal_org_id": null,
            "qualifier": "",
            "source_account": null,
            "source_arn": "arn:aws:sqs:us-east-1:203918875586:multipagepdfa2i_sf_sqs",
            "statement_id": "AllowSQSInvoke",
            "statement_id_prefix": ""
          },
          "sensitive_attributes": [],
          "private": "bnVsbA==",
          "dependencies": [
            "aws_cloudwatch_log_group.stepfunctions",
            "aws_dynamodb_table.vital_birth_data",
            "aws_iam_role.lambda_imageresize",
            "aws_iam_role.lambda_inserttodynamodb",
            "aws_iam_role.lambda_kickoff",
            "aws_iam_role.lambda_pngextract",
            "aws_iam_role.lambda_wrapup",
            "aws_iam_role.step_functions",
            "aws_lambda_function.imageresize",
            "aws_lambda_function.inserttodynamodb",
            "aws_lambda_function.kickoff",
            "aws_lambda_function.pngextract",
            "aws_lambda_function.wrapup",
            "aws_lambda_layer_version.sharp_layer",
            "aws_sfn_state_machine.multipagepdfa2i",
            "aws_sqs_queue.bedrock_queue",
            "aws_sqs_queue.sf_queue",
            "data.archive_file.imageresize",
            "data.archive_file.inserttodynamodb",
            "data.archive_file.kickoff",
            "data.archive_file.wrapup"
          ]
        }
      ]
    },
    {
      "mode": "managed",
      "type": "aws_s3_bucket",
      "name": "main",
      "provider": "provider[\"registry.terraform.io/hashicorp/aws\"]",
      "instances": [
        {
          "schema_version": 0,
          "attributes": {
            "acceleration_status": "",
            "acl": null,
            "arn": "arn:aws:s3:::multipagepdfa2i",
            "bucket": "multipagepdfa2i",
            "bucket_domain_name": "multipagepdfa2i.s3.amazonaws.com",
            "bucket_prefix": "",
            "bucket_regional_domain_name": "multipagepdfa2i.s3.us-east-1.amazonaws.com",
            "cors_rule": [],
            "force_destroy": true,
            "grant": [
              {
                "id": "75bd079f2987f7525434bd98bf62d2c72a3f84d50e12340857b80c4f2ba19095",
                "permissions": [
                  "FULL_CONTROL"
                ],
                "type": "CanonicalUser",
                "uri": ""
              }
            ],
            "hosted_zone_id": "Z3AQBSTGFYJSTF",
            "id": "multipagepdfa2i",
            "lifecycle_rule": [],
            "logging": [],
            "object_lock_configuration": [],
            "object_lock_enabled": false,
            "policy": "{\"Statement\":[{\"Action\":\"s3:*\",\"Condition\":{\"Bool\":{\"aws:SecureTransport\":\"false\"}},\"Effect\":\"Deny\",\"Principal\":\"*\",\"Resource\":[\"arn:aws:s3:::multipagepdfa2i\",\"arn:aws:s3:::multipagepdfa2i/*\"],\"Sid\":\"RequireSSLOnly\"}],\"Version\":\"2012-10-17\"}",
            "region": "us-east-1",
            "replication_configuration": [],
            "request_payer": "BucketOwner",
            "server_side_encryption_configuration": [
              {
                "rule": [
                  {
                    "apply_server_side_encryption_by_default": [
                      {
                        "kms_master_key_id": "",
                        "sse_algorithm": "AES256"
                      }
                    ],
                    "bucket_key_enabled": false
                  }
                ]
              }
            ],
            "tags": {},
            "tags_all": {},
            "timeouts": null,
            "versioning": [
              {
                "enabled": true,
                "mfa_delete": false
              }
            ],
            "website": [],
            "website_domain": null,
            "website_endpoint": null
          },
          "sensitive_attributes": [],
          "private": "eyJlMmJmYjczMC1lY2FhLTExZTYtOGY4OC0zNDM2M2JjN2M0YzAiOnsiY3JlYXRlIjoxMjAwMDAwMDAwMDAwLCJkZWxldGUiOjM2MDAwMDAwMDAwMDAsInJlYWQiOjEyMDAwMDAwMDAwMDAsInVwZGF0ZSI6MTIwMDAwMDAwMDAwMH19"
        }
      ]
    },
    {
      "mode": "managed",
      "type": "aws_s3_bucket_notification",
      "name": "bucket_notification",
      "provider": "provider[\"registry.terraform.io/hashicorp/aws\"]",
      "instances": [
        {
          "schema_version": 0,
          "attributes": {
            "bucket": "multipagepdfa2i",
            "eventbridge": false,
            "id": "multipagepdfa2i",
            "lambda_function": [],
            "queue": [
              {
                "events": [
                  "s3:ObjectCreated:*"
                ],
                "filter_prefix": "uploads/",
                "filter_suffix": "pdf",
                "id": "tf-s3-queue-20250211030904558800000001",
                "queue_arn": "arn:aws:sqs:us-east-1:203918875586:multipagepdfa2i_sf_sqs"
              },
              {
                "events": [
                  "s3:ObjectCreated:*"
                ],
                "filter_prefix": "uploads/",
                "filter_suffix": "pDf",
                "id": "tf-s3-queue-20250211030904558800000002",
                "queue_arn": "arn:aws:sqs:us-east-1:203918875586:multipagepdfa2i_sf_sqs"
              },
              {
                "events": [
                  "s3:ObjectCreated:*"
                ],
                "filter_prefix": "uploads/",
                "filter_suffix": "pDF",
                "id": "tf-s3-queue-20250211030904558800000003",
                "queue_arn": "arn:aws:sqs:us-east-1:203918875586:multipagepdfa2i_sf_sqs"
              },
              {
                "events": [
                  "s3:ObjectCreated:*"
                ],
                "filter_prefix": "uploads/",
                "filter_suffix": "pdF",
                "id": "tf-s3-queue-20250211030904558800000004",
                "queue_arn": "arn:aws:sqs:us-east-1:203918875586:multipagepdfa2i_sf_sqs"
              },
              {
                "events": [
                  "s3:ObjectCreated:*"
                ],
                "filter_prefix": "uploads/",
                "filter_suffix": "PDF",
                "id": "tf-s3-queue-20250211030904558800000005",
                "queue_arn": "arn:aws:sqs:us-east-1:203918875586:multipagepdfa2i_sf_sqs"
              },
              {
                "events": [
                  "s3:ObjectCreated:*"
                ],
                "filter_prefix": "uploads/",
                "filter_suffix": "Pdf",
                "id": "tf-s3-queue-20250211030904558800000006",
                "queue_arn": "arn:aws:sqs:us-east-1:203918875586:multipagepdfa2i_sf_sqs"
              },
              {
                "events": [
                  "s3:ObjectCreated:*"
                ],
                "filter_prefix": "uploads/",
                "filter_suffix": "png",
                "id": "tf-s3-queue-20250211030904558800000007",
                "queue_arn": "arn:aws:sqs:us-east-1:203918875586:multipagepdfa2i_sf_sqs"
              },
              {
                "events": [
                  "s3:ObjectCreated:*"
                ],
                "filter_prefix": "uploads/",
                "filter_suffix": "pNg",
                "id": "tf-s3-queue-20250211030904558800000008",
                "queue_arn": "arn:aws:sqs:us-east-1:203918875586:multipagepdfa2i_sf_sqs"
              },
              {
                "events": [
                  "s3:ObjectCreated:*"
                ],
                "filter_prefix": "uploads/",
                "filter_suffix": "pNG",
                "id": "tf-s3-queue-20250211030904558800000009",
                "queue_arn": "arn:aws:sqs:us-east-1:203918875586:multipagepdfa2i_sf_sqs"
              },
              {
                "events": [
                  "s3:ObjectCreated:*"
                ],
                "filter_prefix": "uploads/",
                "filter_suffix": "pnG",
                "id": "tf-s3-queue-2025021103090455880000000a",
                "queue_arn": "arn:aws:sqs:us-east-1:203918875586:multipagepdfa2i_sf_sqs"
              },
              {
                "events": [
                  "s3:ObjectCreated:*"
                ],
                "filter_prefix": "uploads/",
                "filter_suffix": "PNG",
                "id": "tf-s3-queue-2025021103090455880000000b",
                "queue_arn": "arn:aws:sqs:us-east-1:203918875586:multipagepdfa2i_sf_sqs"
              },
              {
                "events": [
                  "s3:ObjectCreated:*"
                ],
                "filter_prefix": "uploads/",
                "filter_suffix": "Png",
                "id": "tf-s3-queue-2025021103090455880000000c",
                "queue_arn": "arn:aws:sqs:us-east-1:203918875586:multipagepdfa2i_sf_sqs"
              },
              {
                "events": [
                  "s3:ObjectCreated:*"
                ],
                "filter_prefix": "uploads/",
                "filter_suffix": "jpg",
                "id": "tf-s3-queue-2025021103090455880000000d",
                "queue_arn": "arn:aws:sqs:us-east-1:203918875586:multipagepdfa2i_sf_sqs"
              },
              {
                "events": [
                  "s3:ObjectCreated:*"
                ],
                "filter_prefix": "uploads/",
                "filter_suffix": "jPg",
                "id": "tf-s3-queue-2025021103090455880000000e",
                "queue_arn": "arn:aws:sqs:us-east-1:203918875586:multipagepdfa2i_sf_sqs"
              },
              {
                "events": [
                  "s3:ObjectCreated:*"
                ],
                "filter_prefix": "uploads/",
                "filter_suffix": "jPG",
                "id": "tf-s3-queue-2025021103090455880000000f",
                "queue_arn": "arn:aws:sqs:us-east-1:203918875586:multipagepdfa2i_sf_sqs"
              },
              {
                "events": [
                  "s3:ObjectCreated:*"
                ],
                "filter_prefix": "uploads/",
                "filter_suffix": "jpG",
                "id": "tf-s3-queue-20250211030904558800000010",
                "queue_arn": "arn:aws:sqs:us-east-1:203918875586:multipagepdfa2i_sf_sqs"
              },
              {
                "events": [
                  "s3:ObjectCreated:*"
                ],
                "filter_prefix": "uploads/",
                "filter_suffix": "JPG",
                "id": "tf-s3-queue-20250211030904558800000011",
                "queue_arn": "arn:aws:sqs:us-east-1:203918875586:multipagepdfa2i_sf_sqs"
              },
              {
                "events": [
                  "s3:ObjectCreated:*"
                ],
                "filter_prefix": "uploads/",
                "filter_suffix": "Jpg",
                "id": "tf-s3-queue-20250211030904558800000012",
                "queue_arn": "arn:aws:sqs:us-east-1:203918875586:multipagepdfa2i_sf_sqs"
              }
            ],
            "topic": []
          },
          "sensitive_attributes": [],
          "private": "bnVsbA==",
          "dependencies": [
            "aws_s3_bucket.main",
            "aws_sqs_queue.sf_queue",
            "aws_sqs_queue_policy.allow_s3",
            "data.aws_caller_identity.current"
          ]
        }
      ]
    },
    {
      "mode": "managed",
      "type": "aws_s3_bucket_ownership_controls",
      "name": "main",
      "provider": "provider[\"registry.terraform.io/hashicorp/aws\"]",
      "instances": [
        {
          "schema_version": 0,
          "attributes": {
            "bucket": "multipagepdfa2i",
            "id": "multipagepdfa2i",
            "rule": [
              {
                "object_ownership": "BucketOwnerPreferred"
              }
            ]
          },
          "sensitive_attributes": [],
          "private": "bnVsbA==",
          "dependencies": [
            "aws_s3_bucket.main"
          ]
        }
      ]
    },
    {
      "mode": "managed",
      "type": "aws_s3_bucket_policy",
      "name": "require_ssl",
      "provider": "provider[\"registry.terraform.io/hashicorp/aws\"]",
      "instances": [
        {
          "schema_version": 0,
          "attributes": {
            "bucket": "multipagepdfa2i",
            "id": "multipagepdfa2i",
            "policy": "{\"Statement\":[{\"Action\":\"s3:*\",\"Condition\":{\"Bool\":{\"aws:SecureTransport\":\"false\"}},\"Effect\":\"Deny\",\"Principal\":\"*\",\"Resource\":[\"arn:aws:s3:::multipagepdfa2i\",\"arn:aws:s3:::multipagepdfa2i/*\"],\"Sid\":\"RequireSSLOnly\"}],\"Version\":\"2012-10-17\"}"
          },
          "sensitive_attributes": [],
          "private": "bnVsbA==",
          "dependencies": [
            "aws_s3_bucket.main"
          ]
        }
      ]
    },
    {
      "mode": "managed",
      "type": "aws_s3_bucket_public_access_block",
      "name": "main",
      "provider": "provider[\"registry.terraform.io/hashicorp/aws\"]",
      "instances": [
        {
          "schema_version": 0,
          "attributes": {
            "block_public_acls": true,
            "block_public_policy": true,
            "bucket": "multipagepdfa2i",
            "id": "multipagepdfa2i",
            "ignore_public_acls": true,
            "restrict_public_buckets": true
          },
          "sensitive_attributes": [],
          "private": "bnVsbA==",
          "dependencies": [
            "aws_s3_bucket.main"
          ]
        }
      ]
    },
    {
      "mode": "managed",
      "type": "aws_s3_bucket_server_side_encryption_configuration",
      "name": "main",
      "provider": "provider[\"registry.terraform.io/hashicorp/aws\"]",
      "instances": [
        {
          "schema_version": 0,
          "attributes": {
            "bucket": "multipagepdfa2i",
            "expected_bucket_owner": "",
            "id": "multipagepdfa2i",
            "rule": [
              {
                "apply_server_side_encryption_by_default": [
                  {
                    "kms_master_key_id": "",
                    "sse_algorithm": "AES256"
                  }
                ],
                "bucket_key_enabled": false
              }
            ]
          },
          "sensitive_attributes": [],
          "private": "bnVsbA==",
          "dependencies": [
            "aws_s3_bucket.main"
          ]
        }
      ]
    },
    {
      "mode": "managed",
      "type": "aws_s3_bucket_versioning",
      "name": "main",
      "provider": "provider[\"registry.terraform.io/hashicorp/aws\"]",
      "instances": [
        {
          "schema_version": 0,
          "attributes": {
            "bucket": "multipagepdfa2i",
            "expected_bucket_owner": "",
            "id": "multipagepdfa2i",
            "mfa": null,
            "versioning_configuration": [
              {
                "mfa_delete": "",
                "status": "Enabled"
              }
            ]
          },
          "sensitive_attributes": [],
          "private": "bnVsbA==",
          "dependencies": [
            "aws_s3_bucket.main"
          ]
        }
      ]
    },
    {
      "mode": "managed",
      "type": "aws_sfn_state_machine",
      "name": "multipagepdfa2i",
      "provider": "provider[\"registry.terraform.io/hashicorp/aws\"]",
      "instances": [
        {
          "schema_version": 0,
          "attributes": {
            "arn": "arn:aws:states:us-east-1:203918875586:stateMachine:multipagepdfa2i_stepfunction",
            "creation_date": "2025-02-11T03:38:00Z",
            "definition": "{\"StartAt\":\"PDF or Image?\",\"States\":{\"Image Resize\":{\"Next\":\"Process_Map\",\"Parameters\":{\"FunctionName\":\"arn:aws:lambda:us-east-1:203918875586:function:multipagepdfa2i_imageresize\",\"Payload\":{\"bucket.$\":\"$.bucket\",\"id.$\":\"$.id\",\"image_keys.$\":\"$.image_keys\",\"key.$\":\"$.key\"}},\"Resource\":\"arn:aws:states:::lambda:invoke\",\"ResultPath\":\"$.Input\",\"Retry\":[{\"BackoffRate\":2,\"ErrorEquals\":[\"States.TaskFailed\"],\"IntervalSeconds\":2,\"MaxAttempts\":3}],\"Type\":\"Task\"},\"Image. Passing.\":{\"Next\":\"Image Resize\",\"Result\":[\"single_image\"],\"ResultPath\":\"$.image_keys\",\"Type\":\"Pass\"},\"Insert to dynamodb\":{\"End\":true,\"Parameters\":{\"FunctionName\":\"arn:aws:lambda:us-east-1:203918875586:function:multipagepdfa2i_inserttodynamodb\",\"Payload\":{\"bucket.$\":\"$.bucket\",\"id.$\":\"$.id\",\"key.$\":\"$.key\",\"s3path.$\":\"$.s3path\"}},\"Resource\":\"arn:aws:states:::lambda:invoke\",\"ResultPath\":\"$.Input\",\"Retry\":[{\"BackoffRate\":2,\"ErrorEquals\":[\"States.TaskFailed\"],\"IntervalSeconds\":2,\"MaxAttempts\":3}],\"Type\":\"Task\"},\"PDF or Image?\":{\"Choices\":[{\"Next\":\"PDF. Convert to PNGs\",\"StringEquals\":\"pdf\",\"Variable\":\"$.extension\"},{\"Next\":\"Image. Passing.\",\"StringEquals\":\"png\",\"Variable\":\"$.extension\"},{\"Next\":\"Image. Passing.\",\"StringEquals\":\"jpg\",\"Variable\":\"$.extension\"}],\"Default\":\"PDF. Convert to PNGs\",\"Type\":\"Choice\"},\"PDF. Convert to PNGs\":{\"Next\":\"Image Resize\",\"Parameters\":{\"FunctionName\":\"arn:aws:lambda:us-east-1:203918875586:function:multipagepdfa2i_pngextract\",\"Payload\":{\"bucket.$\":\"$.bucket\",\"id.$\":\"$.id\",\"key.$\":\"$.key\"}},\"Resource\":\"arn:aws:states:::lambda:invoke\",\"ResultPath\":\"$.image_keys\",\"Retry\":[{\"BackoffRate\":2,\"ErrorEquals\":[\"States.TaskFailed\"],\"IntervalSeconds\":2,\"MaxAttempts\":3}],\"Type\":\"Task\"},\"Process_Map\":{\"InputPath\":\"$.Input\",\"ItemsPath\":\"$.pages\",\"Iterator\":{\"StartAt\":\"Analyze PDF\",\"States\":{\"Analyze PDF\":{\"End\":true,\"Parameters\":{\"MessageBody\":{\"bucket.$\":\"$.bucket\",\"id.$\":\"$.id\",\"key.$\":\"$.key\",\"token.$\":\"$$.Task.Token\",\"wip_key.$\":\"$.wip_key\"},\"QueueUrl\":\"https://sqs.us-east-1.amazonaws.com/203918875586/multipagepdfa2i_bedrock_sqs\"},\"Resource\":\"arn:aws:states:::sqs:sendMessage.waitForTaskToken\",\"Type\":\"Task\"}}},\"MaxConcurrency\":1,\"Next\":\"Wrapup and Clean\",\"Type\":\"Map\"},\"Wrapup and Clean\":{\"Next\":\"Insert to dynamodb\",\"Parameters\":{\"FunctionName\":\"arn:aws:lambda:us-east-1:203918875586:function:multipagepdfa2i_wrapup\",\"Payload\":{\"bucket.$\":\"$.bucket\",\"id.$\":\"$.id\",\"key.$\":\"$.key\"}},\"Resource\":\"arn:aws:states:::lambda:invoke\",\"ResultSelector\":{\"s3path.$\":\"$.Payload\"},\"Retry\":[{\"BackoffRate\":2,\"ErrorEquals\":[\"States.TaskFailed\"],\"IntervalSeconds\":2,\"MaxAttempts\":3}],\"Type\":\"Task\"}}}",
            "description": "",
            "encryption_configuration": [
              {
                "kms_data_key_reuse_period_seconds": 0,
                "kms_key_id": "",
                "type": "AWS_OWNED_KEY"
              }
            ],
            "id": "arn:aws:states:us-east-1:203918875586:stateMachine:multipagepdfa2i_stepfunction",
            "logging_configuration": [
              {
                "include_execution_data": true,
                "level": "ALL",
                "log_destination": "arn:aws:logs:us-east-1:203918875586:log-group:/aws/stepfunctions/multipagepdfa2i_stepfunction_logs:*"
              }
            ],
            "name": "multipagepdfa2i_stepfunction",
            "name_prefix": "",
            "publish": false,
            "revision_id": "",
            "role_arn": "arn:aws:iam::203918875586:role/multipagepdfa2i_stepfunctions_role",
            "state_machine_version_arn": "",
            "status": "ACTIVE",
            "tags": {},
            "tags_all": {},
            "timeouts": null,
            "tracing_configuration": [
              {
                "enabled": false
              }
            ],
            "type": "STANDARD",
            "version_description": null
          },
          "sensitive_attributes": [],
          "private": "eyJlMmJmYjczMC1lY2FhLTExZTYtOGY4OC0zNDM2M2JjN2M0YzAiOnsiY3JlYXRlIjozMDAwMDAwMDAwMDAsImRlbGV0ZSI6MzAwMDAwMDAwMDAwLCJ1cGRhdGUiOjYwMDAwMDAwMDAwfX0=",
          "dependencies": [
            "aws_cloudwatch_log_group.stepfunctions",
            "aws_dynamodb_table.vital_birth_data",
            "aws_iam_role.lambda_imageresize",
            "aws_iam_role.lambda_inserttodynamodb",
            "aws_iam_role.lambda_pngextract",
            "aws_iam_role.lambda_wrapup",
            "aws_iam_role.step_functions",
            "aws_lambda_function.imageresize",
            "aws_lambda_function.inserttodynamodb",
            "aws_lambda_function.pngextract",
            "aws_lambda_function.wrapup",
            "aws_lambda_layer_version.sharp_layer",
            "aws_sqs_queue.bedrock_queue",
            "data.archive_file.imageresize",
            "data.archive_file.inserttodynamodb",
            "data.archive_file.wrapup"
          ]
        }
      ]
    },
    {
      "mode": "managed",
      "type": "aws_sqs_queue",
      "name": "bedrock_queue",
      "provider": "provider[\"registry.terraform.io/hashicorp/aws\"]",
      "instances": [
        {
          "schema_version": 0,
          "attributes": {
            "arn": "arn:aws:sqs:us-east-1:203918875586:multipagepdfa2i_bedrock_sqs",
            "content_based_deduplication": false,
            "deduplication_scope": "",
            "delay_seconds": 0,
            "fifo_queue": false,
            "fifo_throughput_limit": "",
            "id": "https://sqs.us-east-1.amazonaws.com/203918875586/multipagepdfa2i_bedrock_sqs",
            "kms_data_key_reuse_period_seconds": 300,
            "kms_master_key_id": "",
            "max_message_size": 262144,
            "message_retention_seconds": 345600,
            "name": "multipagepdfa2i_bedrock_sqs",
            "name_prefix": "",
            "policy": "",
            "receive_wait_time_seconds": 0,
            "redrive_allow_policy": "",
            "redrive_policy": "",
            "sqs_managed_sse_enabled": true,
            "tags": {},
            "tags_all": {},
            "timeouts": null,
            "url": "https://sqs.us-east-1.amazonaws.com/203918875586/multipagepdfa2i_bedrock_sqs",
            "visibility_timeout_seconds": 180
          },
          "sensitive_attributes": [],
          "private": "eyJlMmJmYjczMC1lY2FhLTExZTYtOGY4OC0zNDM2M2JjN2M0YzAiOnsiY3JlYXRlIjoxODAwMDAwMDAwMDAsImRlbGV0ZSI6MTgwMDAwMDAwMDAwLCJ1cGRhdGUiOjE4MDAwMDAwMDAwMH19"
        }
      ]
    },
    {
      "mode": "managed",
      "type": "aws_sqs_queue",
      "name": "sf_queue",
      "provider": "provider[\"registry.terraform.io/hashicorp/aws\"]",
      "instances": [
        {
          "schema_version": 0,
          "attributes": {
            "arn": "arn:aws:sqs:us-east-1:203918875586:multipagepdfa2i_sf_sqs",
            "content_based_deduplication": false,
            "deduplication_scope": "",
            "delay_seconds": 0,
            "fifo_queue": false,
            "fifo_throughput_limit": "",
            "id": "https://sqs.us-east-1.amazonaws.com/203918875586/multipagepdfa2i_sf_sqs",
            "kms_data_key_reuse_period_seconds": 300,
            "kms_master_key_id": "",
            "max_message_size": 262144,
            "message_retention_seconds": 345600,
            "name": "multipagepdfa2i_sf_sqs",
            "name_prefix": "",
            "policy": "{\"Statement\":[{\"Action\":\"sqs:SendMessage\",\"Condition\":{\"ArnLike\":{\"aws:SourceArn\":\"arn:aws:s3:::multipagepdfa2i\"},\"StringEquals\":{\"aws:SourceAccount\":\"203918875586\"}},\"Effect\":\"Allow\",\"Principal\":{\"Service\":\"s3.amazonaws.com\"},\"Resource\":\"arn:aws:sqs:us-east-1:203918875586:multipagepdfa2i_sf_sqs\",\"Sid\":\"AllowS3ToSendMessages\"}],\"Version\":\"2012-10-17\"}",
            "receive_wait_time_seconds": 0,
            "redrive_allow_policy": "",
            "redrive_policy": "",
            "sqs_managed_sse_enabled": true,
            "tags": {},
            "tags_all": {},
            "timeouts": null,
            "url": "https://sqs.us-east-1.amazonaws.com/203918875586/multipagepdfa2i_sf_sqs",
            "visibility_timeout_seconds": 300
          },
          "sensitive_attributes": [],
          "private": "eyJlMmJmYjczMC1lY2FhLTExZTYtOGY4OC0zNDM2M2JjN2M0YzAiOnsiY3JlYXRlIjoxODAwMDAwMDAwMDAsImRlbGV0ZSI6MTgwMDAwMDAwMDAwLCJ1cGRhdGUiOjE4MDAwMDAwMDAwMH19"
        }
      ]
    },
    {
      "mode": "managed",
      "type": "aws_sqs_queue_policy",
      "name": "allow_s3",
      "provider": "provider[\"registry.terraform.io/hashicorp/aws\"]",
      "instances": [
        {
          "schema_version": 1,
          "attributes": {
            "id": "https://sqs.us-east-1.amazonaws.com/203918875586/multipagepdfa2i_sf_sqs",
            "policy": "{\"Statement\":[{\"Action\":\"sqs:SendMessage\",\"Condition\":{\"ArnLike\":{\"aws:SourceArn\":\"arn:aws:s3:::multipagepdfa2i\"},\"StringEquals\":{\"aws:SourceAccount\":\"203918875586\"}},\"Effect\":\"Allow\",\"Principal\":{\"Service\":\"s3.amazonaws.com\"},\"Resource\":\"arn:aws:sqs:us-east-1:203918875586:multipagepdfa2i_sf_sqs\",\"Sid\":\"AllowS3ToSendMessages\"}],\"Version\":\"2012-10-17\"}",
            "queue_url": "https://sqs.us-east-1.amazonaws.com/203918875586/multipagepdfa2i_sf_sqs"
          },
          "sensitive_attributes": [],
          "private": "eyJzY2hlbWFfdmVyc2lvbiI6IjEifQ==",
          "dependencies": [
            "aws_s3_bucket.main",
            "aws_sqs_queue.sf_queue",
            "data.aws_caller_identity.current"
          ]
        }
      ]
    },
    {
      "mode": "managed",
      "type": "aws_ssm_parameter",
      "name": "birthcertificate_key_values",
      "provider": "provider[\"registry.terraform.io/hashicorp/aws\"]",
      "instances": [
        {
          "schema_version": 0,
          "attributes": {
            "allowed_pattern": "",
            "arn": "arn:aws:ssm:us-east-1:203918875586:parameter/business_rules/required_keys_values",
            "data_type": "text",
            "description": "",
            "id": "/business_rules/required_keys_values",
            "insecure_value": null,
            "key_id": "",
            "name": "/business_rules/required_keys_values",
            "overwrite": null,
            "tags": {},
            "tags_all": {},
            "tier": "Standard",
            "type": "String",
            "value": "[\"Name_of_applicant\",\"Day_phone_number\",\"Address\",\"City\",\"State\",\"Zip_code\",\"Email_address\",\"Your_relationship_to_person_named_on_this_certificate\",\"For_what_purpose_are_you_requesting_this_certificate?\",\"Signature_of_applicant\",\"Name_on_birth_certificate_being_requested\",\"Date_of_birth\",\"Sex\",\"City_of_birth\",\"County_of_birth\",\"Name_of_mother_parent_prior_to_1st_marriage\",\"Name_of_father_parent_prior_to_1st_marriage\",\"Mother_parent_state_or_foreign_country_of_birth\",\"Father_parent_state_or_foreign_country_of_birth\",\"Were_parents_married_at_the_time_of_birth?\",\"Number_of_children_born_to_this_individual\",\"Required_Search_Fee\",\"Each_Additional_copy\",\"Total_fees_submitted\"]",
            "version": 1
          },
          "sensitive_attributes": [
            [
              {
                "type": "get_attr",
                "value": "value"
              }
            ]
          ],
          "private": "bnVsbA=="
        }
      ]
    },
    {
      "mode": "managed",
      "type": "aws_ssm_parameter",
      "name": "birthcertificate_validation_required",
      "provider": "provider[\"registry.terraform.io/hashicorp/aws\"]",
      "instances": [
        {
          "schema_version": 0,
          "attributes": {
            "allowed_pattern": "",
            "arn": "arn:aws:ssm:us-east-1:203918875586:parameter/business_rules/validationrequied",
            "data_type": "text",
            "description": "",
            "id": "/business_rules/validationrequied",
            "insecure_value": null,
            "key_id": "",
            "name": "/business_rules/validationrequied",
            "overwrite": null,
            "tags": {},
            "tags_all": {},
            "tier": "Standard",
            "type": "String",
            "value": "no",
            "version": 1
          },
          "sensitive_attributes": [
            [
              {
                "type": "get_attr",
                "value": "value"
              }
            ]
          ],
          "private": "bnVsbA=="
        }
      ]
    }
  ],
  "check_results": null
}
